
Microsoft Visual Studio Solution File, Format Version 12.00
# Visual Studio Version 16
VisualStudioVersion = 16.0.30330.147
MinimumVisualStudioVersion = 10.0.40219.1
Project("{FAE04EC0-301F-11D3-BF4B-00C04F79EFBC}") = "Scoopy.UWP", "Scoopy.UWP\Scoopy.UWP.csproj", "{557C8650-D136-4F84-88D0-0C6D4F37D2DF}"
EndProject
Project("{FAE04EC0-301F-11D3-BF4B-00C04F79EFBC}") = "Scoopy.Android", "Scoopy.Android\Scoopy.Android.csproj", "{BB6E9762-ADC3-4140-9A74-391C83C135A3}"
EndProject
Project("{FAE04EC0-301F-11D3-BF4B-00C04F79EFBC}") = "Scoopy.iOS", "Scoopy.iOS\Scoopy.iOS.csproj", "{A068C896-9DE9-4B48-A2A8-52FF6466D899}"
EndProject
Project("{FAE04EC0-301F-11D3-BF4B-00C04F79EFBC}") = "Scoopy", "Scoopy\Scoopy.csproj", "{C02FDEA6-32F4-4FDA-B1D7-BFC6C71C5B93}"
EndProject
Global
	GlobalSection(SolutionConfigurationPlatforms) = preSolution
		Debug|Any CPU = Debug|Any CPU
		Debug|ARM = Debug|ARM
		Debug|iPhone = Debug|iPhone
		Debug|iPhoneSimulator = Debug|iPhoneSimulator
		Debug|x64 = Debug|x64
		Debug|x86 = Debug|x86
		Release|Any CPU = Release|Any CPU
		Release|ARM = Release|ARM
		Release|iPhone = Release|iPhone
		Release|iPhoneSimulator = Release|iPhoneSimulator
		Release|x64 = Release|x64
		Release|x86 = Release|x86
	EndGlobalSection
	GlobalSection(ProjectConfigurationPlatforms) = postSolution
		{557C8650-D136-4F84-88D0-0C6D4F37D2DF}.Debug|Any CPU.ActiveCfg = Debug|x86
		{557C8650-D136-4F84-88D0-0C6D4F37D2DF}.Debug|Any CPU.Build.0 = Debug|x86
		{557C8650-D136-4F84-88D0-0C6D4F37D2DF}.Debug|Any CPU.Deploy.0 = Debug|x86
		{557C8650-D136-4F84-88D0-0C6D4F37D2DF}.Debug|ARM.ActiveCfg = Debug|ARM
		{557C8650-D136-4F84-88D0-0C6D4F37D2DF}.Debug|ARM.Build.0 = Debug|ARM
		{557C8650-D136-4F84-88D0-0C6D4F37D2DF}.Debug|ARM.Deploy.0 = Debug|ARM
		{557C8650-D136-4F84-88D0-0C6D4F37D2DF}.Debug|iPhone.ActiveCfg = Debug|x86
		{557C8650-D136-4F84-88D0-0C6D4F37D2DF}.Debug|iPhone.Build.0 = Debug|x86
		{557C8650-D136-4F84-88D0-0C6D4F37D2DF}.Debug|iPhone.Deploy.0 = Debug|x86
		{557C8650-D136-4F84-88D0-0C6D4F37D2DF}.Debug|iPhoneSimulator.ActiveCfg = Debug|x86
		{557C8650-D136-4F84-88D0-0C6D4F37D2DF}.Debug|iPhoneSimulator.Build.0 = Debug|x86
		{557C8650-D136-4F84-88D0-0C6D4F37D2DF}.Debug|iPhoneSimulator.Deploy.0 = Debug|x86
		{557C8650-D136-4F84-88D0-0C6D4F37D2DF}.Debug|x64.ActiveCfg = Debug|x64
		{557C8650-D136-4F84-88D0-0C6D4F37D2DF}.Debug|x64.Build.0 = Debug|x64
		{557C8650-D136-4F84-88D0-0C6D4F37D2DF}.Debug|x64.Deploy.0 = Debug|x64
		{557C8650-D136-4F84-88D0-0C6D4F37D2DF}.Debug|x86.ActiveCfg = Debug|x86
		{557C8650-D136-4F84-88D0-0C6D4F37D2DF}.Debug|x86.Build.0 = Debug|x86
		{557C8650-D136-4F84-88D0-0C6D4F37D2DF}.Debug|x86.Deploy.0 = Debug|x86
		{557C8650-D136-4F84-88D0-0C6D4F37D2DF}.Release|Any CPU.ActiveCfg = Release|x86
		{557C8650-D136-4F84-88D0-0C6D4F37D2DF}.Release|Any CPU.Build.0 = Release|x86
		{557C8650-D136-4F84-88D0-0C6D4F37D2DF}.Release|Any CPU.Deploy.0 = Release|x86
		{557C8650-D136-4F84-88D0-0C6D4F37D2DF}.Release|ARM.ActiveCfg = Release|ARM
		{557C8650-D136-4F84-88D0-0C6D4F37D2DF}.Release|ARM.Build.0 = Release|ARM
		{557C8650-D136-4F84-88D0-0C6D4F37D2DF}.Release|ARM.Deploy.0 = Release|ARM
		{557C8650-D136-4F84-88D0-0C6D4F37D2DF}.Release|iPhone.ActiveCfg = Release|x86
		{557C8650-D136-4F84-88D0-0C6D4F37D2DF}.Release|iPhone.Build.0 = Release|x86
		{557C8650-D136-4F84-88D0-0C6D4F37D2DF}.Release|iPhone.Deploy.0 = Release|x86
		{557C8650-D136-4F84-88D0-0C6D4F37D2DF}.Release|iPhoneSimulator.ActiveCfg = Release|x86
		{557C8650-D136-4F84-88D0-0C6D4F37D2DF}.Release|iPhoneSimulator.Build.0 = Release|x86
		{557C8650-D136-4F84-88D0-0C6D4F37D2DF}.Release|iPhoneSimulator.Deploy.0 = Release|x86
		{557C8650-D136-4F84-88D0-0C6D4F37D2DF}.Release|x64.ActiveCfg = Release|x64
		{557C8650-D136-4F84-88D0-0C6D4F37D2DF}.Release|x64.Build.0 = Release|x64
		{557C8650-D136-4F84-88D0-0C6D4F37D2DF}.Release|x64.Deploy.0 = Release|x64
		{557C8650-D136-4F84-88D0-0C6D4F37D2DF}.Release|x86.ActiveCfg = Release|x86
		{557C8650-D136-4F84-88D0-0C6D4F37D2DF}.Release|x86.Build.0 = Release|x86
		{557C8650-D136-4F84-88D0-0C6D4F37D2DF}.Release|x86.Deploy.0 = Release|x86
		{BB6E9762-ADC3-4140-9A74-391C83C135A3}.Debug|Any CPU.ActiveCfg = Debug|Any CPU
		{BB6E9762-ADC3-4140-9A74-391C83C135A3}.Debug|Any CPU.Build.0 = Debug|Any CPU
		{BB6E9762-ADC3-4140-9A74-391C83C135A3}.Debug|Any CPU.Deploy.0 = Debug|Any CPU
		{BB6E9762-ADC3-4140-9A74-391C83C135A3}.Debug|ARM.ActiveCfg = Debug|Any CPU
		{BB6E9762-ADC3-4140-9A74-391C83C135A3}.Debug|ARM.Build.0 = Debug|Any CPU
		{BB6E9762-ADC3-4140-9A74-391C83C135A3}.Debug|ARM.Deploy.0 = Debug|Any CPU
		{BB6E9762-ADC3-4140-9A74-391C83C135A3}.Debug|iPhone.ActiveCfg = Debug|Any CPU
		{BB6E9762-ADC3-4140-9A74-391C83C135A3}.Debug|iPhone.Build.0 = Debug|Any CPU
		{BB6E9762-ADC3-4140-9A74-391C83C135A3}.Debug|iPhone.Deploy.0 = Debug|Any CPU
		{BB6E9762-ADC3-4140-9A74-391C83C135A3}.Debug|iPhoneSimulator.ActiveCfg = Debug|Any CPU
		{BB6E9762-ADC3-4140-9A74-391C83C135A3}.Debug|iPhoneSimulator.Build.0 = Debug|Any CPU
		{BB6E9762-ADC3-4140-9A74-391C83C135A3}.Debug|iPhoneSimulator.Deploy.0 = Debug|Any CPU
		{BB6E9762-ADC3-4140-9A74-391C83C135A3}.Debug|x64.ActiveCfg = Debug|Any CPU
		{BB6E9762-ADC3-4140-9A74-391C83C135A3}.Debug|x64.Build.0 = Debug|Any CPU
		{BB6E9762-ADC3-4140-9A74-391C83C135A3}.Debug|x64.Deploy.0 = Debug|Any CPU
		{BB6E9762-ADC3-4140-9A74-391C83C135A3}.Debug|x86.ActiveCfg = Debug|Any CPU
		{BB6E9762-ADC3-4140-9A74-391C83C135A3}.Debug|x86.Build.0 = Debug|Any CPU
		{BB6E9762-ADC3-4140-9A74-391C83C135A3}.Debug|x86.Deploy.0 = Debug|Any CPU
		{BB6E9762-ADC3-4140-9A74-391C83C135A3}.Release|Any CPU.ActiveCfg = Release|Any CPU
		{BB6E9762-ADC3-4140-9A74-391C83C135A3}.Release|Any CPU.Build.0 = Release|Any CPU
		{BB6E9762-ADC3-4140-9A74-391C83C135A3}.Release|Any CPU.Deploy.0 = Release|Any CPU
		{BB6E9762-ADC3-4140-9A74-391C83C135A3}.Release|ARM.ActiveCfg = Release|Any CPU
		{BB6E9762-ADC3-4140-9A74-391C83C135A3}.Release|ARM.Build.0 = Release|Any CPU
		{BB6E9762-ADC3-4140-9A74-391C83C135A3}.Release|ARM.Deploy.0 = Release|Any CPU
		{BB6E9762-ADC3-4140-9A74-391C83C135A3}.Release|iPhone.ActiveCfg = Release|Any CPU
		{BB6E9762-ADC3-4140-9A74-391C83C135A3}.Release|iPhone.Build.0 = Release|Any CPU
		{BB6E9762-ADC3-4140-9A74-391C83C135A3}.Release|iPhone.Deploy.0 = Release|Any CPU
		{BB6E9762-ADC3-4140-9A74-391C83C135A3}.Release|iPhoneSimulator.ActiveCfg = Release|Any CPU
		{BB6E9762-ADC3-4140-9A74-391C83C135A3}.Release|iPhoneSimulator.Build.0 = Release|Any CPU
		{BB6E9762-ADC3-4140-9A74-391C83C135A3}.Release|iPhoneSimulator.Deploy.0 = Release|Any CPU
		{BB6E9762-ADC3-4140-9A74-391C83C135A3}.Release|x64.ActiveCfg = Release|Any CPU
		{BB6E9762-ADC3-4140-9A74-391C83C135A3}.Release|x64.Build.0 = Release|Any CPU
		{BB6E9762-ADC3-4140-9A74-391C83C135A3}.Release|x64.Deploy.0 = Release|Any CPU
		{BB6E9762-ADC3-4140-9A74-391C83C135A3}.Release|x86.ActiveCfg = Release|Any CPU
		{BB6E9762-ADC3-4140-9A74-391C83C135A3}.Release|x86.Build.0 = Release|Any CPU
		{BB6E9762-ADC3-4140-9A74-391C83C135A3}.Release|x86.Deploy.0 = Release|Any CPU
		{A068C896-9DE9-4B48-A2A8-52FF6466D899}.Debug|Any CPU.ActiveCfg = Debug|iPhone
		{A068C896-9DE9-4B48-A2A8-52FF6466D899}.Debug|Any CPU.Build.0 = Debug|iPhone
		{A068C896-9DE9-4B48-A2A8-52FF6466D899}.Debug|Any CPU.Deploy.0 = Debug|iPhone
		{A068C896-9DE9-4B48-A2A8-52FF6466D899}.Debug|ARM.ActiveCfg = Debug|iPhone
		{A068C896-9DE9-4B48-A2A8-52FF6466D899}.Debug|ARM.Build.0 = Debug|iPhone
		{A068C896-9DE9-4B48-A2A8-52FF6466D899}.Debug|ARM.Deploy.0 = Debug|iPhone
		{A068C896-9DE9-4B48-A2A8-52FF6466D899}.Debug|iPhone.ActiveCfg = Debug|iPhone
		{A068C896-9DE9-4B48-A2A8-52FF6466D899}.Debug|iPhone.Build.0 = Debug|iPhone
		{A068C896-9DE9-4B48-A2A8-52FF6466D899}.Debug|iPhone.Deploy.0 = Debug|iPhone
		{A068C896-9DE9-4B48-A2A8-52FF6466D899}.Debug|iPhoneSimulator.ActiveCfg = Debug|iPhoneSimulator
		{A068C896-9DE9-4B48-A2A8-52FF6466D899}.Debug|iPhoneSimulator.Build.0 = Debug|iPhoneSimulator
		{A068C896-9DE9-4B48-A2A8-52FF6466D899}.Debug|iPhoneSimulator.Deploy.0 = Debug|iPhoneSimulator
		{A068C896-9DE9-4B48-A2A8-52FF6466D899}.Debug|x64.ActiveCfg = Debug|iPhone
		{A068C896-9DE9-4B48-A2A8-52FF6466D899}.Debug|x64.Build.0 = Debug|iPhone
		{A068C896-9DE9-4B48-A2A8-52FF6466D899}.Debug|x64.Deploy.0 = Debug|iPhone
		{A068C896-9DE9-4B48-A2A8-52FF6466D899}.Debug|x86.ActiveCfg = Debug|iPhone
		{A068C896-9DE9-4B48-A2A8-52FF6466D899}.Debug|x86.Build.0 = Debug|iPhone
		{A068C896-9DE9-4B48-A2A8-52FF6466D899}.Debug|x86.Deploy.0 = Debug|iPhone
		{A068C896-9DE9-4B48-A2A8-52FF6466D899}.Release|Any CPU.ActiveCfg = Release|iPhone
		{A068C896-9DE9-4B48-A2A8-52FF6466D899}.Release|Any CPU.Build.0 = Release|iPhone
		{A068C896-9DE9-4B48-A2A8-52FF6466D899}.Release|Any CPU.Deploy.0 = Release|iPhone
		{A068C896-9DE9-4B48-A2A8-52FF6466D899}.Release|ARM.ActiveCfg = Release|iPhone
		{A068C896-9DE9-4B48-A2A8-52FF6466D899}.Release|ARM.Build.0 = Release|iPhone
		{A068C896-9DE9-4B48-A2A8-52FF6466D899}.Release|ARM.Deploy.0 = Release|iPhone
		{A068C896-9DE9-4B48-A2A8-52FF6466D899}.Release|iPhone.ActiveCfg = Release|iPhone
		{A068C896-9DE9-4B48-A2A8-52FF6466D899}.Release|iPhone.Build.0 = Release|iPhone
		{A068C896-9DE9-4B48-A2A8-52FF6466D899}.Release|iPhone.Deploy.0 = Release|iPhone
		{A068C896-9DE9-4B48-A2A8-52FF6466D899}.Release|iPhoneSimulator.ActiveCfg = Release|iPhoneSimulator
		{A068C896-9DE9-4B48-A2A8-52FF6466D899}.Release|iPhoneSimulator.Build.0 = Release|iPhoneSimulator
		{A068C896-9DE9-4B48-A2A8-52FF6466D899}.Release|iPhoneSimulator.Deploy.0 = Release|iPhoneSimulator
		{A068C896-9DE9-4B48-A2A8-52FF6466D899}.Release|x64.ActiveCfg = Release|iPhone
		{A068C896-9DE9-4B48-A2A8-52FF6466D899}.Release|x64.Build.0 = Release|iPhone
		{A068C896-9DE9-4B48-A2A8-52FF6466D899}.Release|x64.Deploy.0 = Release|iPhone
		{A068C896-9DE9-4B48-A2A8-52FF6466D899}.Release|x86.ActiveCfg = Release|iPhone
		{A068C896-9DE9-4B48-A2A8-52FF6466D899}.Release|x86.Build.0 = Release|iPhone
		{A068C896-9DE9-4B48-A2A8-52FF6466D899}.Release|x86.Deploy.0 = Release|iPhone
		{C02FDEA6-32F4-4FDA-B1D7-BFC6C71C5B93}.Debug|Any CPU.ActiveCfg = Debug|Any CPU
		{C02FDEA6-32F4-4FDA-B1D7-BFC6C71C5B93}.Debug|Any CPU.Build.0 = Debug|Any CPU
		{C02FDEA6-32F4-4FDA-B1D7-BFC6C71C5B93}.Debug|Any CPU.Deploy.0 = Debug|Any CPU
		{C02FDEA6-32F4-4FDA-B1D7-BFC6C71C5B93}.Debug|ARM.ActiveCfg = Debug|Any CPU
		{C02FDEA6-32F4-4FDA-B1D7-BFC6C71C5B93}.Debug|ARM.Build.0 = Debug|Any CPU
		{C02FDEA6-32F4-4FDA-B1D7-BFC6C71C5B93}.Debug|ARM.Deploy.0 = Debug|Any CPU
		{C02FDEA6-32F4-4FDA-B1D7-BFC6C71C5B93}.Debug|iPhone.ActiveCfg = Debug|Any CPU
		{C02FDEA6-32F4-4FDA-B1D7-BFC6C71C5B93}.Debug|iPhone.Build.0 = Debug|Any CPU
		{C02FDEA6-32F4-4FDA-B1D7-BFC6C71C5B93}.Debug|iPhone.Deploy.0 = Debug|Any CPU
		{C02FDEA6-32F4-4FDA-B1D7-BFC6C71C5B93}.Debug|iPhoneSimulator.ActiveCfg = Debug|Any CPU
		{C02FDEA6-32F4-4FDA-B1D7-BFC6C71C5B93}.Debug|iPhoneSimulator.Build.0 = Debug|Any CPU
		{C02FDEA6-32F4-4FDA-B1D7-BFC6C71C5B93}.Debug|iPhoneSimulator.Deploy.0 = Debug|Any CPU
		{C02FDEA6-32F4-4FDA-B1D7-BFC6C71C5B93}.Debug|x64.ActiveCfg = Debug|Any CPU
		{C02FDEA6-32F4-4FDA-B1D7-BFC6C71C5B93}.Debug|x64.Build.0 = Debug|Any CPU
		{C02FDEA6-32F4-4FDA-B1D7-BFC6C71C5B93}.Debug|x64.Deploy.0 = Debug|Any CPU
		{C02FDEA6-32F4-4FDA-B1D7-BFC6C71C5B93}.Debug|x86.ActiveCfg = Debug|Any CPU
		{C02FDEA6-32F4-4FDA-B1D7-BFC6C71C5B93}.Debug|x86.Build.0 = Debug|Any CPU
		{C02FDEA6-32F4-4FDA-B1D7-BFC6C71C5B93}.Debug|x86.Deploy.0 = Debug|Any CPU
		{C02FDEA6-32F4-4FDA-B1D7-BFC6C71C5B93}.Release|Any CPU.ActiveCfg = Release|Any CPU
		{C02FDEA6-32F4-4FDA-B1D7-BFC6C71C5B93}.Release|Any CPU.Build.0 = Release|Any CPU
		{C02FDEA6-32F4-4FDA-B1D7-BFC6C71C5B93}.Release|Any CPU.Deploy.0 = Release|Any CPU
		{C02FDEA6-32F4-4FDA-B1D7-BFC6C71C5B93}.Release|ARM.ActiveCfg = Release|Any CPU
		{C02FDEA6-32F4-4FDA-B1D7-BFC6C71C5B93}.Release|ARM.Build.0 = Release|Any CPU
		{C02FDEA6-32F4-4FDA-B1D7-BFC6C71C5B93}.Release|ARM.Deploy.0 = Release|Any CPU
		{C02FDEA6-32F4-4FDA-B1D7-BFC6C71C5B93}.Release|iPhone.ActiveCfg = Release|Any CPU
		{C02FDEA6-32F4-4FDA-B1D7-BFC6C71C5B93}.Release|iPhone.Build.0 = Release|Any CPU
		{C02FDEA6-32F4-4FDA-B1D7-BFC6C71C5B93}.Release|iPhone.Deploy.0 = Release|Any CPU
		{C02FDEA6-32F4-4FDA-B1D7-BFC6C71C5B93}.Release|iPhoneSimulator.ActiveCfg = Release|Any CPU
		{C02FDEA6-32F4-4FDA-B1D7-BFC6C71C5B93}.Release|iPhoneSimulator.Build.0 = Release|Any CPU
		{C02FDEA6-32F4-4FDA-B1D7-BFC6C71C5B93}.Release|iPhoneSimulator.Deploy.0 = Release|Any CPU
		{C02FDEA6-32F4-4FDA-B1D7-BFC6C71C5B93}.Release|x64.ActiveCfg = Release|Any CPU
		{C02FDEA6-32F4-4FDA-B1D7-BFC6C71C5B93}.Release|x64.Build.0 = Release|Any CPU
		{C02FDEA6-32F4-4FDA-B1D7-BFC6C71C5B93}.Release|x64.Deploy.0 = Release|Any CPU
		{C02FDEA6-32F4-4FDA-B1D7-BFC6C71C5B93}.Release|x86.ActiveCfg = Release|Any CPU
		{C02FDEA6-32F4-4FDA-B1D7-BFC6C71C5B93}.Release|x86.Build.0 = Release|Any CPU
		{C02FDEA6-32F4-4FDA-B1D7-BFC6C71C5B93}.Release|x86.Deploy.0 = Release|Any CPU
	EndGlobalSection
	GlobalSection(SolutionProperties) = preSolution
		HideSolutionNode = FALSE
	EndGlobalSection
	GlobalSection(ExtensibilityGlobals) = postSolution
		SolutionGuid = {8B8A7845-AE72-4A3E-A0A4-32AED2F85637}
	EndGlobalSection
EndGlobal
