
Microsoft Visual Studio Solution File, Format Version 12.00
# Visual Studio Version 16
VisualStudioVersion = 16.0.30330.147
MinimumVisualStudioVersion = 10.0.40219.1
Project("{FAE04EC0-301F-11D3-BF4B-00C04F79EFBC}") = "Skippy.UWP", "Skippy.UWP\Skippy.UWP.csproj", "{557C8650-D136-4F84-88D0-0C6D4F37D2DF}"
EndProject
Project("{FAE04EC0-301F-11D3-BF4B-00C04F79EFBC}") = "Skippy.Android", "Skippy.Android\Skippy.Android.csproj", "{BB6E9762-ADC3-4140-9A74-391C83C135A3}"
EndProject
Project("{FAE04EC0-301F-11D3-BF4B-00C04F79EFBC}") = "Skippy.iOS", "Skippy.iOS\Skippy.iOS.csproj", "{A068C896-9DE9-4B48-A2A8-52FF6466D899}"
EndProject
Project("{9A19103F-16F7-4668-BE54-9A1E7A4F7556}") = "Skippy", "Skippy\Skippy.csproj", "{C02FDEA6-32F4-4FDA-B1D7-BFC6C71C5B93}"
EndProject
Project("{9A19103F-16F7-4668-BE54-9A1E7A4F7556}") = "Xamlly", "Xamlly\Xamlly\Xamlly.csproj", "{281BBE8B-5711-405F-A4AC-DEAD5BCC10BE}"
EndProject
Project("{9A19103F-16F7-4668-BE54-9A1E7A4F7556}") = "EditableLabel", "EditLabel\EditableLabel\EditableLabel\EditableLabel.csproj", "{97AE86CF-6C55-43BD-B9C5-60ACD13D7BC3}"
EndProject
Project("{2150E333-8FDC-42A3-9474-1A3956D46DE8}") = "Solution Items", "Solution Items", "{3BBB1573-6ECF-4B71-B566-D987A185F00A}"
EndProject
Project("{9A19103F-16F7-4668-BE54-9A1E7A4F7556}") = "Xamarin.CustomControls.AccordionView", "..\DottorPagliaccius\Xamarin-Custom-Controls\src\Xamarin.CustomControls.Accordion\Xamarin.CustomControls.AccordionView.csproj", "{94EA13E7-5E42-4B3E-8714-FB571E236C7D}"
EndProject
Project("{9A19103F-16F7-4668-BE54-9A1E7A4F7556}") = "Xamarin.CustomControls.StateButton", "..\DottorPagliaccius\Xamarin-Custom-Controls\src\Xamarin.CustomControls.StateButton\Xamarin.CustomControls.StateButton.csproj", "{B44E6196-CEEF-4D0A-A7F0-3B46FB0C388F}"
EndProject
Project("{FAE04EC0-301F-11D3-BF4B-00C04F79EFBC}") = "Skippy.WPF", "Skippy.WPF\Skippy.WPF.csproj", "{318E8095-1154-4A94-A747-C905CCE3B519}"
EndProject
Project("{9A19103F-16F7-4668-BE54-9A1E7A4F7556}") = "Xamarin.RangeSlider.Forms", "RangeSlider\Xamarin.RangeSlider.Forms\Xamarin.RangeSlider.Forms.csproj", "{D14DF1FD-46BF-4C9F-9445-AC76F3C91B40}"
EndProject
Project("{FAE04EC0-301F-11D3-BF4B-00C04F79EFBC}") = "Xamarin.RangeSlider.Forms.UWP", "RangeSlider\Xamarin.RangeSlider.Forms.UWP\Xamarin.RangeSlider.Forms.UWP.csproj", "{E676F5E4-4D56-4081-A04C-1025F99774B3}"
EndProject
Project("{2150E333-8FDC-42A3-9474-1A3956D46DE8}") = "RangeSlider", "RangeSlider", "{EE243662-F3C2-42E2-AAF4-59C7A960388C}"
EndProject
Project("{2150E333-8FDC-42A3-9474-1A3956D46DE8}") = "Libraries", "Libraries", "{4D9928E2-26EC-4E73-936E-513E97DC14F5}"
EndProject
Project("{9A19103F-16F7-4668-BE54-9A1E7A4F7556}") = "Xamarin.RangeSlider.Common", "RangeSlider\Xamarin.RangeSlider.Common\Xamarin.RangeSlider.Common.csproj", "{1DD05789-02C6-4658-8697-CCFFA38CE8F2}"
EndProject
Global
	GlobalSection(SolutionConfigurationPlatforms) = preSolution
		Debug_WPF|Any CPU = Debug_WPF|Any CPU
		Debug_WPF|ARM = Debug_WPF|ARM
		Debug_WPF|iPhone = Debug_WPF|iPhone
		Debug_WPF|iPhoneSimulator = Debug_WPF|iPhoneSimulator
		Debug_WPF|x64 = Debug_WPF|x64
		Debug_WPF|x86 = Debug_WPF|x86
		Debug|Any CPU = Debug|Any CPU
		Debug|ARM = Debug|ARM
		Debug|iPhone = Debug|iPhone
		Debug|iPhoneSimulator = Debug|iPhoneSimulator
		Debug|x64 = Debug|x64
		Debug|x86 = Debug|x86
		Release|Any CPU = Release|Any CPU
		Release|ARM = Release|ARM
		Release|iPhone = Release|iPhone
		Release|iPhoneSimulator = Release|iPhoneSimulator
		Release|x64 = Release|x64
		Release|x86 = Release|x86
		WPF|Any CPU = WPF|Any CPU
		WPF|ARM = WPF|ARM
		WPF|iPhone = WPF|iPhone
		WPF|iPhoneSimulator = WPF|iPhoneSimulator
		WPF|x64 = WPF|x64
		WPF|x86 = WPF|x86
	EndGlobalSection
	GlobalSection(ProjectConfigurationPlatforms) = postSolution
		{557C8650-D136-4F84-88D0-0C6D4F37D2DF}.Debug_WPF|Any CPU.ActiveCfg = Debug|x86
		{557C8650-D136-4F84-88D0-0C6D4F37D2DF}.Debug_WPF|Any CPU.Build.0 = Debug|x86
		{557C8650-D136-4F84-88D0-0C6D4F37D2DF}.Debug_WPF|Any CPU.Deploy.0 = Debug|x86
		{557C8650-D136-4F84-88D0-0C6D4F37D2DF}.Debug_WPF|ARM.ActiveCfg = Debug|ARM
		{557C8650-D136-4F84-88D0-0C6D4F37D2DF}.Debug_WPF|ARM.Build.0 = Debug|ARM
		{557C8650-D136-4F84-88D0-0C6D4F37D2DF}.Debug_WPF|ARM.Deploy.0 = Debug|ARM
		{557C8650-D136-4F84-88D0-0C6D4F37D2DF}.Debug_WPF|iPhone.ActiveCfg = Debug|x86
		{557C8650-D136-4F84-88D0-0C6D4F37D2DF}.Debug_WPF|iPhone.Build.0 = Debug|x86
		{557C8650-D136-4F84-88D0-0C6D4F37D2DF}.Debug_WPF|iPhone.Deploy.0 = Debug|x86
		{557C8650-D136-4F84-88D0-0C6D4F37D2DF}.Debug_WPF|iPhoneSimulator.ActiveCfg = Debug|x86
		{557C8650-D136-4F84-88D0-0C6D4F37D2DF}.Debug_WPF|iPhoneSimulator.Build.0 = Debug|x86
		{557C8650-D136-4F84-88D0-0C6D4F37D2DF}.Debug_WPF|iPhoneSimulator.Deploy.0 = Debug|x86
		{557C8650-D136-4F84-88D0-0C6D4F37D2DF}.Debug_WPF|x64.ActiveCfg = Debug|x64
		{557C8650-D136-4F84-88D0-0C6D4F37D2DF}.Debug_WPF|x64.Build.0 = Debug|x64
		{557C8650-D136-4F84-88D0-0C6D4F37D2DF}.Debug_WPF|x64.Deploy.0 = Debug|x64
		{557C8650-D136-4F84-88D0-0C6D4F37D2DF}.Debug_WPF|x86.ActiveCfg = Debug|x86
		{557C8650-D136-4F84-88D0-0C6D4F37D2DF}.Debug_WPF|x86.Build.0 = Debug|x86
		{557C8650-D136-4F84-88D0-0C6D4F37D2DF}.Debug_WPF|x86.Deploy.0 = Debug|x86
		{557C8650-D136-4F84-88D0-0C6D4F37D2DF}.Debug|Any CPU.ActiveCfg = Debug|x86
		{557C8650-D136-4F84-88D0-0C6D4F37D2DF}.Debug|Any CPU.Build.0 = Debug|x86
		{557C8650-D136-4F84-88D0-0C6D4F37D2DF}.Debug|Any CPU.Deploy.0 = Debug|x86
		{557C8650-D136-4F84-88D0-0C6D4F37D2DF}.Debug|ARM.ActiveCfg = Debug|ARM
		{557C8650-D136-4F84-88D0-0C6D4F37D2DF}.Debug|ARM.Build.0 = Debug|ARM
		{557C8650-D136-4F84-88D0-0C6D4F37D2DF}.Debug|ARM.Deploy.0 = Debug|ARM
		{557C8650-D136-4F84-88D0-0C6D4F37D2DF}.Debug|iPhone.ActiveCfg = Debug|x86
		{557C8650-D136-4F84-88D0-0C6D4F37D2DF}.Debug|iPhone.Build.0 = Debug|x86
		{557C8650-D136-4F84-88D0-0C6D4F37D2DF}.Debug|iPhone.Deploy.0 = Debug|x86
		{557C8650-D136-4F84-88D0-0C6D4F37D2DF}.Debug|iPhoneSimulator.ActiveCfg = Debug|x86
		{557C8650-D136-4F84-88D0-0C6D4F37D2DF}.Debug|iPhoneSimulator.Build.0 = Debug|x86
		{557C8650-D136-4F84-88D0-0C6D4F37D2DF}.Debug|iPhoneSimulator.Deploy.0 = Debug|x86
		{557C8650-D136-4F84-88D0-0C6D4F37D2DF}.Debug|x64.ActiveCfg = Debug|x64
		{557C8650-D136-4F84-88D0-0C6D4F37D2DF}.Debug|x64.Build.0 = Debug|x64
		{557C8650-D136-4F84-88D0-0C6D4F37D2DF}.Debug|x64.Deploy.0 = Debug|x64
		{557C8650-D136-4F84-88D0-0C6D4F37D2DF}.Debug|x86.ActiveCfg = Debug|x86
		{557C8650-D136-4F84-88D0-0C6D4F37D2DF}.Debug|x86.Build.0 = Debug|x86
		{557C8650-D136-4F84-88D0-0C6D4F37D2DF}.Debug|x86.Deploy.0 = Debug|x86
		{557C8650-D136-4F84-88D0-0C6D4F37D2DF}.Release|Any CPU.ActiveCfg = Release|x86
		{557C8650-D136-4F84-88D0-0C6D4F37D2DF}.Release|Any CPU.Build.0 = Release|x86
		{557C8650-D136-4F84-88D0-0C6D4F37D2DF}.Release|Any CPU.Deploy.0 = Release|x86
		{557C8650-D136-4F84-88D0-0C6D4F37D2DF}.Release|ARM.ActiveCfg = Release|ARM
		{557C8650-D136-4F84-88D0-0C6D4F37D2DF}.Release|ARM.Build.0 = Release|ARM
		{557C8650-D136-4F84-88D0-0C6D4F37D2DF}.Release|ARM.Deploy.0 = Release|ARM
		{557C8650-D136-4F84-88D0-0C6D4F37D2DF}.Release|iPhone.ActiveCfg = Release|x86
		{557C8650-D136-4F84-88D0-0C6D4F37D2DF}.Release|iPhone.Build.0 = Release|x86
		{557C8650-D136-4F84-88D0-0C6D4F37D2DF}.Release|iPhone.Deploy.0 = Release|x86
		{557C8650-D136-4F84-88D0-0C6D4F37D2DF}.Release|iPhoneSimulator.ActiveCfg = Release|x86
		{557C8650-D136-4F84-88D0-0C6D4F37D2DF}.Release|iPhoneSimulator.Build.0 = Release|x86
		{557C8650-D136-4F84-88D0-0C6D4F37D2DF}.Release|iPhoneSimulator.Deploy.0 = Release|x86
		{557C8650-D136-4F84-88D0-0C6D4F37D2DF}.Release|x64.ActiveCfg = Release|x64
		{557C8650-D136-4F84-88D0-0C6D4F37D2DF}.Release|x64.Build.0 = Release|x64
		{557C8650-D136-4F84-88D0-0C6D4F37D2DF}.Release|x64.Deploy.0 = Release|x64
		{557C8650-D136-4F84-88D0-0C6D4F37D2DF}.Release|x86.ActiveCfg = Release|x86
		{557C8650-D136-4F84-88D0-0C6D4F37D2DF}.Release|x86.Build.0 = Release|x86
		{557C8650-D136-4F84-88D0-0C6D4F37D2DF}.Release|x86.Deploy.0 = Release|x86
		{557C8650-D136-4F84-88D0-0C6D4F37D2DF}.WPF|Any CPU.ActiveCfg = Release|x64
		{557C8650-D136-4F84-88D0-0C6D4F37D2DF}.WPF|Any CPU.Build.0 = Release|x64
		{557C8650-D136-4F84-88D0-0C6D4F37D2DF}.WPF|Any CPU.Deploy.0 = Release|x64
		{557C8650-D136-4F84-88D0-0C6D4F37D2DF}.WPF|ARM.ActiveCfg = Release|ARM
		{557C8650-D136-4F84-88D0-0C6D4F37D2DF}.WPF|ARM.Build.0 = Release|ARM
		{557C8650-D136-4F84-88D0-0C6D4F37D2DF}.WPF|ARM.Deploy.0 = Release|ARM
		{557C8650-D136-4F84-88D0-0C6D4F37D2DF}.WPF|iPhone.ActiveCfg = Release|x64
		{557C8650-D136-4F84-88D0-0C6D4F37D2DF}.WPF|iPhone.Build.0 = Release|x64
		{557C8650-D136-4F84-88D0-0C6D4F37D2DF}.WPF|iPhone.Deploy.0 = Release|x64
		{557C8650-D136-4F84-88D0-0C6D4F37D2DF}.WPF|iPhoneSimulator.ActiveCfg = Release|x64
		{557C8650-D136-4F84-88D0-0C6D4F37D2DF}.WPF|iPhoneSimulator.Build.0 = Release|x64
		{557C8650-D136-4F84-88D0-0C6D4F37D2DF}.WPF|iPhoneSimulator.Deploy.0 = Release|x64
		{557C8650-D136-4F84-88D0-0C6D4F37D2DF}.WPF|x64.ActiveCfg = Release|x64
		{557C8650-D136-4F84-88D0-0C6D4F37D2DF}.WPF|x64.Build.0 = Release|x64
		{557C8650-D136-4F84-88D0-0C6D4F37D2DF}.WPF|x64.Deploy.0 = Release|x64
		{557C8650-D136-4F84-88D0-0C6D4F37D2DF}.WPF|x86.ActiveCfg = Release|x86
		{557C8650-D136-4F84-88D0-0C6D4F37D2DF}.WPF|x86.Build.0 = Release|x86
		{557C8650-D136-4F84-88D0-0C6D4F37D2DF}.WPF|x86.Deploy.0 = Release|x86
		{BB6E9762-ADC3-4140-9A74-391C83C135A3}.Debug_WPF|Any CPU.ActiveCfg = Debug|Any CPU
		{BB6E9762-ADC3-4140-9A74-391C83C135A3}.Debug_WPF|Any CPU.Build.0 = Debug|Any CPU
		{BB6E9762-ADC3-4140-9A74-391C83C135A3}.Debug_WPF|Any CPU.Deploy.0 = Debug|Any CPU
		{BB6E9762-ADC3-4140-9A74-391C83C135A3}.Debug_WPF|ARM.ActiveCfg = Debug|Any CPU
		{BB6E9762-ADC3-4140-9A74-391C83C135A3}.Debug_WPF|ARM.Build.0 = Debug|Any CPU
		{BB6E9762-ADC3-4140-9A74-391C83C135A3}.Debug_WPF|ARM.Deploy.0 = Debug|Any CPU
		{BB6E9762-ADC3-4140-9A74-391C83C135A3}.Debug_WPF|iPhone.ActiveCfg = Debug|Any CPU
		{BB6E9762-ADC3-4140-9A74-391C83C135A3}.Debug_WPF|iPhone.Build.0 = Debug|Any CPU
		{BB6E9762-ADC3-4140-9A74-391C83C135A3}.Debug_WPF|iPhone.Deploy.0 = Debug|Any CPU
		{BB6E9762-ADC3-4140-9A74-391C83C135A3}.Debug_WPF|iPhoneSimulator.ActiveCfg = Debug|Any CPU
		{BB6E9762-ADC3-4140-9A74-391C83C135A3}.Debug_WPF|iPhoneSimulator.Build.0 = Debug|Any CPU
		{BB6E9762-ADC3-4140-9A74-391C83C135A3}.Debug_WPF|iPhoneSimulator.Deploy.0 = Debug|Any CPU
		{BB6E9762-ADC3-4140-9A74-391C83C135A3}.Debug_WPF|x64.ActiveCfg = Debug|Any CPU
		{BB6E9762-ADC3-4140-9A74-391C83C135A3}.Debug_WPF|x64.Build.0 = Debug|Any CPU
		{BB6E9762-ADC3-4140-9A74-391C83C135A3}.Debug_WPF|x64.Deploy.0 = Debug|Any CPU
		{BB6E9762-ADC3-4140-9A74-391C83C135A3}.Debug_WPF|x86.ActiveCfg = Debug|Any CPU
		{BB6E9762-ADC3-4140-9A74-391C83C135A3}.Debug_WPF|x86.Build.0 = Debug|Any CPU
		{BB6E9762-ADC3-4140-9A74-391C83C135A3}.Debug_WPF|x86.Deploy.0 = Debug|Any CPU
		{BB6E9762-ADC3-4140-9A74-391C83C135A3}.Debug|Any CPU.ActiveCfg = Debug|Any CPU
		{BB6E9762-ADC3-4140-9A74-391C83C135A3}.Debug|Any CPU.Build.0 = Debug|Any CPU
		{BB6E9762-ADC3-4140-9A74-391C83C135A3}.Debug|Any CPU.Deploy.0 = Debug|Any CPU
		{BB6E9762-ADC3-4140-9A74-391C83C135A3}.Debug|ARM.ActiveCfg = Debug|Any CPU
		{BB6E9762-ADC3-4140-9A74-391C83C135A3}.Debug|ARM.Build.0 = Debug|Any CPU
		{BB6E9762-ADC3-4140-9A74-391C83C135A3}.Debug|ARM.Deploy.0 = Debug|Any CPU
		{BB6E9762-ADC3-4140-9A74-391C83C135A3}.Debug|iPhone.ActiveCfg = Debug|Any CPU
		{BB6E9762-ADC3-4140-9A74-391C83C135A3}.Debug|iPhone.Build.0 = Debug|Any CPU
		{BB6E9762-ADC3-4140-9A74-391C83C135A3}.Debug|iPhone.Deploy.0 = Debug|Any CPU
		{BB6E9762-ADC3-4140-9A74-391C83C135A3}.Debug|iPhoneSimulator.ActiveCfg = Debug|Any CPU
		{BB6E9762-ADC3-4140-9A74-391C83C135A3}.Debug|iPhoneSimulator.Build.0 = Debug|Any CPU
		{BB6E9762-ADC3-4140-9A74-391C83C135A3}.Debug|iPhoneSimulator.Deploy.0 = Debug|Any CPU
		{BB6E9762-ADC3-4140-9A74-391C83C135A3}.Debug|x64.ActiveCfg = Debug|Any CPU
		{BB6E9762-ADC3-4140-9A74-391C83C135A3}.Debug|x64.Build.0 = Debug|Any CPU
		{BB6E9762-ADC3-4140-9A74-391C83C135A3}.Debug|x64.Deploy.0 = Debug|Any CPU
		{BB6E9762-ADC3-4140-9A74-391C83C135A3}.Debug|x86.ActiveCfg = Debug|Any CPU
		{BB6E9762-ADC3-4140-9A74-391C83C135A3}.Debug|x86.Build.0 = Debug|Any CPU
		{BB6E9762-ADC3-4140-9A74-391C83C135A3}.Debug|x86.Deploy.0 = Debug|Any CPU
		{BB6E9762-ADC3-4140-9A74-391C83C135A3}.Release|Any CPU.ActiveCfg = Release|Any CPU
		{BB6E9762-ADC3-4140-9A74-391C83C135A3}.Release|Any CPU.Build.0 = Release|Any CPU
		{BB6E9762-ADC3-4140-9A74-391C83C135A3}.Release|Any CPU.Deploy.0 = Release|Any CPU
		{BB6E9762-ADC3-4140-9A74-391C83C135A3}.Release|ARM.ActiveCfg = Release|Any CPU
		{BB6E9762-ADC3-4140-9A74-391C83C135A3}.Release|ARM.Build.0 = Release|Any CPU
		{BB6E9762-ADC3-4140-9A74-391C83C135A3}.Release|ARM.Deploy.0 = Release|Any CPU
		{BB6E9762-ADC3-4140-9A74-391C83C135A3}.Release|iPhone.ActiveCfg = Release|Any CPU
		{BB6E9762-ADC3-4140-9A74-391C83C135A3}.Release|iPhone.Build.0 = Release|Any CPU
		{BB6E9762-ADC3-4140-9A74-391C83C135A3}.Release|iPhone.Deploy.0 = Release|Any CPU
		{BB6E9762-ADC3-4140-9A74-391C83C135A3}.Release|iPhoneSimulator.ActiveCfg = Release|Any CPU
		{BB6E9762-ADC3-4140-9A74-391C83C135A3}.Release|iPhoneSimulator.Build.0 = Release|Any CPU
		{BB6E9762-ADC3-4140-9A74-391C83C135A3}.Release|iPhoneSimulator.Deploy.0 = Release|Any CPU
		{BB6E9762-ADC3-4140-9A74-391C83C135A3}.Release|x64.ActiveCfg = Release|Any CPU
		{BB6E9762-ADC3-4140-9A74-391C83C135A3}.Release|x64.Build.0 = Release|Any CPU
		{BB6E9762-ADC3-4140-9A74-391C83C135A3}.Release|x64.Deploy.0 = Release|Any CPU
		{BB6E9762-ADC3-4140-9A74-391C83C135A3}.Release|x86.ActiveCfg = Release|Any CPU
		{BB6E9762-ADC3-4140-9A74-391C83C135A3}.Release|x86.Build.0 = Release|Any CPU
		{BB6E9762-ADC3-4140-9A74-391C83C135A3}.Release|x86.Deploy.0 = Release|Any CPU
		{BB6E9762-ADC3-4140-9A74-391C83C135A3}.WPF|Any CPU.ActiveCfg = Release|Any CPU
		{BB6E9762-ADC3-4140-9A74-391C83C135A3}.WPF|ARM.ActiveCfg = Release|Any CPU
		{BB6E9762-ADC3-4140-9A74-391C83C135A3}.WPF|iPhone.ActiveCfg = Release|Any CPU
		{BB6E9762-ADC3-4140-9A74-391C83C135A3}.WPF|iPhoneSimulator.ActiveCfg = Release|Any CPU
		{BB6E9762-ADC3-4140-9A74-391C83C135A3}.WPF|x64.ActiveCfg = Release|Any CPU
		{BB6E9762-ADC3-4140-9A74-391C83C135A3}.WPF|x86.ActiveCfg = Release|Any CPU
		{A068C896-9DE9-4B48-A2A8-52FF6466D899}.Debug_WPF|Any CPU.ActiveCfg = Debug|iPhone
		{A068C896-9DE9-4B48-A2A8-52FF6466D899}.Debug_WPF|Any CPU.Build.0 = Debug|iPhone
		{A068C896-9DE9-4B48-A2A8-52FF6466D899}.Debug_WPF|Any CPU.Deploy.0 = Debug|iPhone
		{A068C896-9DE9-4B48-A2A8-52FF6466D899}.Debug_WPF|ARM.ActiveCfg = Debug|iPhone
		{A068C896-9DE9-4B48-A2A8-52FF6466D899}.Debug_WPF|ARM.Build.0 = Debug|iPhone
		{A068C896-9DE9-4B48-A2A8-52FF6466D899}.Debug_WPF|ARM.Deploy.0 = Debug|iPhone
		{A068C896-9DE9-4B48-A2A8-52FF6466D899}.Debug_WPF|iPhone.ActiveCfg = Debug|iPhone
		{A068C896-9DE9-4B48-A2A8-52FF6466D899}.Debug_WPF|iPhone.Build.0 = Debug|iPhone
		{A068C896-9DE9-4B48-A2A8-52FF6466D899}.Debug_WPF|iPhone.Deploy.0 = Debug|iPhone
		{A068C896-9DE9-4B48-A2A8-52FF6466D899}.Debug_WPF|iPhoneSimulator.ActiveCfg = Debug|iPhoneSimulator
		{A068C896-9DE9-4B48-A2A8-52FF6466D899}.Debug_WPF|iPhoneSimulator.Build.0 = Debug|iPhoneSimulator
		{A068C896-9DE9-4B48-A2A8-52FF6466D899}.Debug_WPF|iPhoneSimulator.Deploy.0 = Debug|iPhoneSimulator
		{A068C896-9DE9-4B48-A2A8-52FF6466D899}.Debug_WPF|x64.ActiveCfg = Debug|iPhone
		{A068C896-9DE9-4B48-A2A8-52FF6466D899}.Debug_WPF|x64.Build.0 = Debug|iPhone
		{A068C896-9DE9-4B48-A2A8-52FF6466D899}.Debug_WPF|x64.Deploy.0 = Debug|iPhone
		{A068C896-9DE9-4B48-A2A8-52FF6466D899}.Debug_WPF|x86.ActiveCfg = Debug|iPhone
		{A068C896-9DE9-4B48-A2A8-52FF6466D899}.Debug_WPF|x86.Build.0 = Debug|iPhone
		{A068C896-9DE9-4B48-A2A8-52FF6466D899}.Debug_WPF|x86.Deploy.0 = Debug|iPhone
		{A068C896-9DE9-4B48-A2A8-52FF6466D899}.Debug|Any CPU.ActiveCfg = Debug|iPhone
		{A068C896-9DE9-4B48-A2A8-52FF6466D899}.Debug|Any CPU.Build.0 = Debug|iPhone
		{A068C896-9DE9-4B48-A2A8-52FF6466D899}.Debug|Any CPU.Deploy.0 = Debug|iPhone
		{A068C896-9DE9-4B48-A2A8-52FF6466D899}.Debug|ARM.ActiveCfg = Debug|iPhone
		{A068C896-9DE9-4B48-A2A8-52FF6466D899}.Debug|ARM.Build.0 = Debug|iPhone
		{A068C896-9DE9-4B48-A2A8-52FF6466D899}.Debug|ARM.Deploy.0 = Debug|iPhone
		{A068C896-9DE9-4B48-A2A8-52FF6466D899}.Debug|iPhone.ActiveCfg = Debug|iPhone
		{A068C896-9DE9-4B48-A2A8-52FF6466D899}.Debug|iPhone.Build.0 = Debug|iPhone
		{A068C896-9DE9-4B48-A2A8-52FF6466D899}.Debug|iPhone.Deploy.0 = Debug|iPhone
		{A068C896-9DE9-4B48-A2A8-52FF6466D899}.Debug|iPhoneSimulator.ActiveCfg = Debug|iPhoneSimulator
		{A068C896-9DE9-4B48-A2A8-52FF6466D899}.Debug|iPhoneSimulator.Build.0 = Debug|iPhoneSimulator
		{A068C896-9DE9-4B48-A2A8-52FF6466D899}.Debug|iPhoneSimulator.Deploy.0 = Debug|iPhoneSimulator
		{A068C896-9DE9-4B48-A2A8-52FF6466D899}.Debug|x64.ActiveCfg = Debug|iPhone
		{A068C896-9DE9-4B48-A2A8-52FF6466D899}.Debug|x64.Build.0 = Debug|iPhone
		{A068C896-9DE9-4B48-A2A8-52FF6466D899}.Debug|x64.Deploy.0 = Debug|iPhone
		{A068C896-9DE9-4B48-A2A8-52FF6466D899}.Debug|x86.ActiveCfg = Debug|iPhone
		{A068C896-9DE9-4B48-A2A8-52FF6466D899}.Debug|x86.Build.0 = Debug|iPhone
		{A068C896-9DE9-4B48-A2A8-52FF6466D899}.Debug|x86.Deploy.0 = Debug|iPhone
		{A068C896-9DE9-4B48-A2A8-52FF6466D899}.Release|Any CPU.ActiveCfg = Release|iPhone
		{A068C896-9DE9-4B48-A2A8-52FF6466D899}.Release|Any CPU.Build.0 = Release|iPhone
		{A068C896-9DE9-4B48-A2A8-52FF6466D899}.Release|Any CPU.Deploy.0 = Release|iPhone
		{A068C896-9DE9-4B48-A2A8-52FF6466D899}.Release|ARM.ActiveCfg = Release|iPhone
		{A068C896-9DE9-4B48-A2A8-52FF6466D899}.Release|ARM.Build.0 = Release|iPhone
		{A068C896-9DE9-4B48-A2A8-52FF6466D899}.Release|ARM.Deploy.0 = Release|iPhone
		{A068C896-9DE9-4B48-A2A8-52FF6466D899}.Release|iPhone.ActiveCfg = Release|iPhone
		{A068C896-9DE9-4B48-A2A8-52FF6466D899}.Release|iPhone.Build.0 = Release|iPhone
		{A068C896-9DE9-4B48-A2A8-52FF6466D899}.Release|iPhone.Deploy.0 = Release|iPhone
		{A068C896-9DE9-4B48-A2A8-52FF6466D899}.Release|iPhoneSimulator.ActiveCfg = Release|iPhoneSimulator
		{A068C896-9DE9-4B48-A2A8-52FF6466D899}.Release|iPhoneSimulator.Build.0 = Release|iPhoneSimulator
		{A068C896-9DE9-4B48-A2A8-52FF6466D899}.Release|iPhoneSimulator.Deploy.0 = Release|iPhoneSimulator
		{A068C896-9DE9-4B48-A2A8-52FF6466D899}.Release|x64.ActiveCfg = Release|iPhone
		{A068C896-9DE9-4B48-A2A8-52FF6466D899}.Release|x64.Build.0 = Release|iPhone
		{A068C896-9DE9-4B48-A2A8-52FF6466D899}.Release|x64.Deploy.0 = Release|iPhone
		{A068C896-9DE9-4B48-A2A8-52FF6466D899}.Release|x86.ActiveCfg = Release|iPhone
		{A068C896-9DE9-4B48-A2A8-52FF6466D899}.Release|x86.Build.0 = Release|iPhone
		{A068C896-9DE9-4B48-A2A8-52FF6466D899}.Release|x86.Deploy.0 = Release|iPhone
		{A068C896-9DE9-4B48-A2A8-52FF6466D899}.WPF|Any CPU.ActiveCfg = Release|iPhoneSimulator
		{A068C896-9DE9-4B48-A2A8-52FF6466D899}.WPF|ARM.ActiveCfg = Release|iPhoneSimulator
		{A068C896-9DE9-4B48-A2A8-52FF6466D899}.WPF|iPhone.ActiveCfg = Release|iPhone
		{A068C896-9DE9-4B48-A2A8-52FF6466D899}.WPF|iPhoneSimulator.ActiveCfg = Release|iPhoneSimulator
		{A068C896-9DE9-4B48-A2A8-52FF6466D899}.WPF|x64.ActiveCfg = Release|iPhoneSimulator
		{A068C896-9DE9-4B48-A2A8-52FF6466D899}.WPF|x86.ActiveCfg = Release|iPhoneSimulator
		{C02FDEA6-32F4-4FDA-B1D7-BFC6C71C5B93}.Debug_WPF|Any CPU.ActiveCfg = WPF|Any CPU
		{C02FDEA6-32F4-4FDA-B1D7-BFC6C71C5B93}.Debug_WPF|Any CPU.Build.0 = WPF|Any CPU
		{C02FDEA6-32F4-4FDA-B1D7-BFC6C71C5B93}.Debug_WPF|Any CPU.Deploy.0 = WPF|Any CPU
		{C02FDEA6-32F4-4FDA-B1D7-BFC6C71C5B93}.Debug_WPF|ARM.ActiveCfg = Debug|Any CPU
		{C02FDEA6-32F4-4FDA-B1D7-BFC6C71C5B93}.Debug_WPF|ARM.Build.0 = Debug|Any CPU
		{C02FDEA6-32F4-4FDA-B1D7-BFC6C71C5B93}.Debug_WPF|ARM.Deploy.0 = Debug|Any CPU
		{C02FDEA6-32F4-4FDA-B1D7-BFC6C71C5B93}.Debug_WPF|iPhone.ActiveCfg = Debug|Any CPU
		{C02FDEA6-32F4-4FDA-B1D7-BFC6C71C5B93}.Debug_WPF|iPhone.Build.0 = Debug|Any CPU
		{C02FDEA6-32F4-4FDA-B1D7-BFC6C71C5B93}.Debug_WPF|iPhone.Deploy.0 = Debug|Any CPU
		{C02FDEA6-32F4-4FDA-B1D7-BFC6C71C5B93}.Debug_WPF|iPhoneSimulator.ActiveCfg = Debug|Any CPU
		{C02FDEA6-32F4-4FDA-B1D7-BFC6C71C5B93}.Debug_WPF|iPhoneSimulator.Build.0 = Debug|Any CPU
		{C02FDEA6-32F4-4FDA-B1D7-BFC6C71C5B93}.Debug_WPF|iPhoneSimulator.Deploy.0 = Debug|Any CPU
		{C02FDEA6-32F4-4FDA-B1D7-BFC6C71C5B93}.Debug_WPF|x64.ActiveCfg = Debug|Any CPU
		{C02FDEA6-32F4-4FDA-B1D7-BFC6C71C5B93}.Debug_WPF|x64.Build.0 = Debug|Any CPU
		{C02FDEA6-32F4-4FDA-B1D7-BFC6C71C5B93}.Debug_WPF|x64.Deploy.0 = Debug|Any CPU
		{C02FDEA6-32F4-4FDA-B1D7-BFC6C71C5B93}.Debug_WPF|x86.ActiveCfg = Debug|Any CPU
		{C02FDEA6-32F4-4FDA-B1D7-BFC6C71C5B93}.Debug_WPF|x86.Build.0 = Debug|Any CPU
		{C02FDEA6-32F4-4FDA-B1D7-BFC6C71C5B93}.Debug_WPF|x86.Deploy.0 = Debug|Any CPU
		{C02FDEA6-32F4-4FDA-B1D7-BFC6C71C5B93}.Debug|Any CPU.ActiveCfg = Debug|Any CPU
		{C02FDEA6-32F4-4FDA-B1D7-BFC6C71C5B93}.Debug|Any CPU.Build.0 = Debug|Any CPU
		{C02FDEA6-32F4-4FDA-B1D7-BFC6C71C5B93}.Debug|Any CPU.Deploy.0 = Debug|Any CPU
		{C02FDEA6-32F4-4FDA-B1D7-BFC6C71C5B93}.Debug|ARM.ActiveCfg = Debug|Any CPU
		{C02FDEA6-32F4-4FDA-B1D7-BFC6C71C5B93}.Debug|ARM.Build.0 = Debug|Any CPU
		{C02FDEA6-32F4-4FDA-B1D7-BFC6C71C5B93}.Debug|ARM.Deploy.0 = Debug|Any CPU
		{C02FDEA6-32F4-4FDA-B1D7-BFC6C71C5B93}.Debug|iPhone.ActiveCfg = Debug|Any CPU
		{C02FDEA6-32F4-4FDA-B1D7-BFC6C71C5B93}.Debug|iPhone.Build.0 = Debug|Any CPU
		{C02FDEA6-32F4-4FDA-B1D7-BFC6C71C5B93}.Debug|iPhone.Deploy.0 = Debug|Any CPU
		{C02FDEA6-32F4-4FDA-B1D7-BFC6C71C5B93}.Debug|iPhoneSimulator.ActiveCfg = Debug|Any CPU
		{C02FDEA6-32F4-4FDA-B1D7-BFC6C71C5B93}.Debug|iPhoneSimulator.Build.0 = Debug|Any CPU
		{C02FDEA6-32F4-4FDA-B1D7-BFC6C71C5B93}.Debug|iPhoneSimulator.Deploy.0 = Debug|Any CPU
		{C02FDEA6-32F4-4FDA-B1D7-BFC6C71C5B93}.Debug|x64.ActiveCfg = Debug|Any CPU
		{C02FDEA6-32F4-4FDA-B1D7-BFC6C71C5B93}.Debug|x64.Build.0 = Debug|Any CPU
		{C02FDEA6-32F4-4FDA-B1D7-BFC6C71C5B93}.Debug|x64.Deploy.0 = Debug|Any CPU
		{C02FDEA6-32F4-4FDA-B1D7-BFC6C71C5B93}.Debug|x86.ActiveCfg = Debug|Any CPU
		{C02FDEA6-32F4-4FDA-B1D7-BFC6C71C5B93}.Debug|x86.Build.0 = Debug|Any CPU
		{C02FDEA6-32F4-4FDA-B1D7-BFC6C71C5B93}.Debug|x86.Deploy.0 = Debug|Any CPU
		{C02FDEA6-32F4-4FDA-B1D7-BFC6C71C5B93}.Release|Any CPU.ActiveCfg = Release|Any CPU
		{C02FDEA6-32F4-4FDA-B1D7-BFC6C71C5B93}.Release|Any CPU.Build.0 = Release|Any CPU
		{C02FDEA6-32F4-4FDA-B1D7-BFC6C71C5B93}.Release|Any CPU.Deploy.0 = Release|Any CPU
		{C02FDEA6-32F4-4FDA-B1D7-BFC6C71C5B93}.Release|ARM.ActiveCfg = Release|Any CPU
		{C02FDEA6-32F4-4FDA-B1D7-BFC6C71C5B93}.Release|ARM.Build.0 = Release|Any CPU
		{C02FDEA6-32F4-4FDA-B1D7-BFC6C71C5B93}.Release|ARM.Deploy.0 = Release|Any CPU
		{C02FDEA6-32F4-4FDA-B1D7-BFC6C71C5B93}.Release|iPhone.ActiveCfg = Release|Any CPU
		{C02FDEA6-32F4-4FDA-B1D7-BFC6C71C5B93}.Release|iPhone.Build.0 = Release|Any CPU
		{C02FDEA6-32F4-4FDA-B1D7-BFC6C71C5B93}.Release|iPhone.Deploy.0 = Release|Any CPU
		{C02FDEA6-32F4-4FDA-B1D7-BFC6C71C5B93}.Release|iPhoneSimulator.ActiveCfg = Release|Any CPU
		{C02FDEA6-32F4-4FDA-B1D7-BFC6C71C5B93}.Release|iPhoneSimulator.Build.0 = Release|Any CPU
		{C02FDEA6-32F4-4FDA-B1D7-BFC6C71C5B93}.Release|iPhoneSimulator.Deploy.0 = Release|Any CPU
		{C02FDEA6-32F4-4FDA-B1D7-BFC6C71C5B93}.Release|x64.ActiveCfg = Release|Any CPU
		{C02FDEA6-32F4-4FDA-B1D7-BFC6C71C5B93}.Release|x64.Build.0 = Release|Any CPU
		{C02FDEA6-32F4-4FDA-B1D7-BFC6C71C5B93}.Release|x64.Deploy.0 = Release|Any CPU
		{C02FDEA6-32F4-4FDA-B1D7-BFC6C71C5B93}.Release|x86.ActiveCfg = Release|Any CPU
		{C02FDEA6-32F4-4FDA-B1D7-BFC6C71C5B93}.Release|x86.Build.0 = Release|Any CPU
		{C02FDEA6-32F4-4FDA-B1D7-BFC6C71C5B93}.Release|x86.Deploy.0 = Release|Any CPU
		{C02FDEA6-32F4-4FDA-B1D7-BFC6C71C5B93}.WPF|Any CPU.ActiveCfg = WPF|Any CPU
		{C02FDEA6-32F4-4FDA-B1D7-BFC6C71C5B93}.WPF|Any CPU.Build.0 = WPF|Any CPU
		{C02FDEA6-32F4-4FDA-B1D7-BFC6C71C5B93}.WPF|ARM.ActiveCfg = WPF|Any CPU
		{C02FDEA6-32F4-4FDA-B1D7-BFC6C71C5B93}.WPF|ARM.Build.0 = WPF|Any CPU
		{C02FDEA6-32F4-4FDA-B1D7-BFC6C71C5B93}.WPF|iPhone.ActiveCfg = WPF|Any CPU
		{C02FDEA6-32F4-4FDA-B1D7-BFC6C71C5B93}.WPF|iPhone.Build.0 = WPF|Any CPU
		{C02FDEA6-32F4-4FDA-B1D7-BFC6C71C5B93}.WPF|iPhoneSimulator.ActiveCfg = WPF|Any CPU
		{C02FDEA6-32F4-4FDA-B1D7-BFC6C71C5B93}.WPF|iPhoneSimulator.Build.0 = WPF|Any CPU
		{C02FDEA6-32F4-4FDA-B1D7-BFC6C71C5B93}.WPF|x64.ActiveCfg = WPF|Any CPU
		{C02FDEA6-32F4-4FDA-B1D7-BFC6C71C5B93}.WPF|x64.Build.0 = WPF|Any CPU
		{C02FDEA6-32F4-4FDA-B1D7-BFC6C71C5B93}.WPF|x86.ActiveCfg = WPF|Any CPU
		{C02FDEA6-32F4-4FDA-B1D7-BFC6C71C5B93}.WPF|x86.Build.0 = WPF|Any CPU
		{281BBE8B-5711-405F-A4AC-DEAD5BCC10BE}.Debug_WPF|Any CPU.ActiveCfg = WPF|Any CPU
		{281BBE8B-5711-405F-A4AC-DEAD5BCC10BE}.Debug_WPF|Any CPU.Build.0 = WPF|Any CPU
		{281BBE8B-5711-405F-A4AC-DEAD5BCC10BE}.Debug_WPF|ARM.ActiveCfg = Debug|Any CPU
		{281BBE8B-5711-405F-A4AC-DEAD5BCC10BE}.Debug_WPF|ARM.Build.0 = Debug|Any CPU
		{281BBE8B-5711-405F-A4AC-DEAD5BCC10BE}.Debug_WPF|iPhone.ActiveCfg = Debug|Any CPU
		{281BBE8B-5711-405F-A4AC-DEAD5BCC10BE}.Debug_WPF|iPhone.Build.0 = Debug|Any CPU
		{281BBE8B-5711-405F-A4AC-DEAD5BCC10BE}.Debug_WPF|iPhoneSimulator.ActiveCfg = Debug|Any CPU
		{281BBE8B-5711-405F-A4AC-DEAD5BCC10BE}.Debug_WPF|iPhoneSimulator.Build.0 = Debug|Any CPU
		{281BBE8B-5711-405F-A4AC-DEAD5BCC10BE}.Debug_WPF|x64.ActiveCfg = Debug|Any CPU
		{281BBE8B-5711-405F-A4AC-DEAD5BCC10BE}.Debug_WPF|x64.Build.0 = Debug|Any CPU
		{281BBE8B-5711-405F-A4AC-DEAD5BCC10BE}.Debug_WPF|x86.ActiveCfg = Debug|Any CPU
		{281BBE8B-5711-405F-A4AC-DEAD5BCC10BE}.Debug_WPF|x86.Build.0 = Debug|Any CPU
		{281BBE8B-5711-405F-A4AC-DEAD5BCC10BE}.Debug|Any CPU.ActiveCfg = Debug|Any CPU
		{281BBE8B-5711-405F-A4AC-DEAD5BCC10BE}.Debug|Any CPU.Build.0 = Debug|Any CPU
		{281BBE8B-5711-405F-A4AC-DEAD5BCC10BE}.Debug|ARM.ActiveCfg = Debug|Any CPU
		{281BBE8B-5711-405F-A4AC-DEAD5BCC10BE}.Debug|ARM.Build.0 = Debug|Any CPU
		{281BBE8B-5711-405F-A4AC-DEAD5BCC10BE}.Debug|iPhone.ActiveCfg = Debug|Any CPU
		{281BBE8B-5711-405F-A4AC-DEAD5BCC10BE}.Debug|iPhone.Build.0 = Debug|Any CPU
		{281BBE8B-5711-405F-A4AC-DEAD5BCC10BE}.Debug|iPhoneSimulator.ActiveCfg = Debug|Any CPU
		{281BBE8B-5711-405F-A4AC-DEAD5BCC10BE}.Debug|iPhoneSimulator.Build.0 = Debug|Any CPU
		{281BBE8B-5711-405F-A4AC-DEAD5BCC10BE}.Debug|x64.ActiveCfg = Debug|Any CPU
		{281BBE8B-5711-405F-A4AC-DEAD5BCC10BE}.Debug|x64.Build.0 = Debug|Any CPU
		{281BBE8B-5711-405F-A4AC-DEAD5BCC10BE}.Debug|x86.ActiveCfg = Debug|Any CPU
		{281BBE8B-5711-405F-A4AC-DEAD5BCC10BE}.Debug|x86.Build.0 = Debug|Any CPU
		{281BBE8B-5711-405F-A4AC-DEAD5BCC10BE}.Release|Any CPU.ActiveCfg = Release|Any CPU
		{281BBE8B-5711-405F-A4AC-DEAD5BCC10BE}.Release|Any CPU.Build.0 = Release|Any CPU
		{281BBE8B-5711-405F-A4AC-DEAD5BCC10BE}.Release|ARM.ActiveCfg = Release|Any CPU
		{281BBE8B-5711-405F-A4AC-DEAD5BCC10BE}.Release|ARM.Build.0 = Release|Any CPU
		{281BBE8B-5711-405F-A4AC-DEAD5BCC10BE}.Release|iPhone.ActiveCfg = Release|Any CPU
		{281BBE8B-5711-405F-A4AC-DEAD5BCC10BE}.Release|iPhone.Build.0 = Release|Any CPU
		{281BBE8B-5711-405F-A4AC-DEAD5BCC10BE}.Release|iPhoneSimulator.ActiveCfg = Release|Any CPU
		{281BBE8B-5711-405F-A4AC-DEAD5BCC10BE}.Release|iPhoneSimulator.Build.0 = Release|Any CPU
		{281BBE8B-5711-405F-A4AC-DEAD5BCC10BE}.Release|x64.ActiveCfg = Release|Any CPU
		{281BBE8B-5711-405F-A4AC-DEAD5BCC10BE}.Release|x64.Build.0 = Release|Any CPU
		{281BBE8B-5711-405F-A4AC-DEAD5BCC10BE}.Release|x86.ActiveCfg = Release|Any CPU
		{281BBE8B-5711-405F-A4AC-DEAD5BCC10BE}.Release|x86.Build.0 = Release|Any CPU
		{281BBE8B-5711-405F-A4AC-DEAD5BCC10BE}.WPF|Any CPU.ActiveCfg = WPF|Any CPU
		{281BBE8B-5711-405F-A4AC-DEAD5BCC10BE}.WPF|Any CPU.Build.0 = WPF|Any CPU
		{281BBE8B-5711-405F-A4AC-DEAD5BCC10BE}.WPF|ARM.ActiveCfg = WPF|Any CPU
		{281BBE8B-5711-405F-A4AC-DEAD5BCC10BE}.WPF|ARM.Build.0 = WPF|Any CPU
		{281BBE8B-5711-405F-A4AC-DEAD5BCC10BE}.WPF|iPhone.ActiveCfg = WPF|Any CPU
		{281BBE8B-5711-405F-A4AC-DEAD5BCC10BE}.WPF|iPhone.Build.0 = WPF|Any CPU
		{281BBE8B-5711-405F-A4AC-DEAD5BCC10BE}.WPF|iPhoneSimulator.ActiveCfg = WPF|Any CPU
		{281BBE8B-5711-405F-A4AC-DEAD5BCC10BE}.WPF|iPhoneSimulator.Build.0 = WPF|Any CPU
		{281BBE8B-5711-405F-A4AC-DEAD5BCC10BE}.WPF|x64.ActiveCfg = WPF|Any CPU
		{281BBE8B-5711-405F-A4AC-DEAD5BCC10BE}.WPF|x64.Build.0 = WPF|Any CPU
		{281BBE8B-5711-405F-A4AC-DEAD5BCC10BE}.WPF|x86.ActiveCfg = WPF|Any CPU
		{281BBE8B-5711-405F-A4AC-DEAD5BCC10BE}.WPF|x86.Build.0 = WPF|Any CPU
		{97AE86CF-6C55-43BD-B9C5-60ACD13D7BC3}.Debug_WPF|Any CPU.ActiveCfg = Debug|Any CPU
		{97AE86CF-6C55-43BD-B9C5-60ACD13D7BC3}.Debug_WPF|ARM.ActiveCfg = Debug|Any CPU
		{97AE86CF-6C55-43BD-B9C5-60ACD13D7BC3}.Debug_WPF|ARM.Build.0 = Debug|Any CPU
		{97AE86CF-6C55-43BD-B9C5-60ACD13D7BC3}.Debug_WPF|iPhone.ActiveCfg = Debug|Any CPU
		{97AE86CF-6C55-43BD-B9C5-60ACD13D7BC3}.Debug_WPF|iPhone.Build.0 = Debug|Any CPU
		{97AE86CF-6C55-43BD-B9C5-60ACD13D7BC3}.Debug_WPF|iPhoneSimulator.ActiveCfg = Debug|Any CPU
		{97AE86CF-6C55-43BD-B9C5-60ACD13D7BC3}.Debug_WPF|iPhoneSimulator.Build.0 = Debug|Any CPU
		{97AE86CF-6C55-43BD-B9C5-60ACD13D7BC3}.Debug_WPF|x64.ActiveCfg = Debug|Any CPU
		{97AE86CF-6C55-43BD-B9C5-60ACD13D7BC3}.Debug_WPF|x64.Build.0 = Debug|Any CPU
		{97AE86CF-6C55-43BD-B9C5-60ACD13D7BC3}.Debug_WPF|x86.ActiveCfg = Debug|Any CPU
		{97AE86CF-6C55-43BD-B9C5-60ACD13D7BC3}.Debug_WPF|x86.Build.0 = Debug|Any CPU
		{97AE86CF-6C55-43BD-B9C5-60ACD13D7BC3}.Debug|Any CPU.ActiveCfg = Debug|Any CPU
		{97AE86CF-6C55-43BD-B9C5-60ACD13D7BC3}.Debug|Any CPU.Build.0 = Debug|Any CPU
		{97AE86CF-6C55-43BD-B9C5-60ACD13D7BC3}.Debug|ARM.ActiveCfg = Debug|Any CPU
		{97AE86CF-6C55-43BD-B9C5-60ACD13D7BC3}.Debug|ARM.Build.0 = Debug|Any CPU
		{97AE86CF-6C55-43BD-B9C5-60ACD13D7BC3}.Debug|iPhone.ActiveCfg = Debug|Any CPU
		{97AE86CF-6C55-43BD-B9C5-60ACD13D7BC3}.Debug|iPhone.Build.0 = Debug|Any CPU
		{97AE86CF-6C55-43BD-B9C5-60ACD13D7BC3}.Debug|iPhoneSimulator.ActiveCfg = Debug|Any CPU
		{97AE86CF-6C55-43BD-B9C5-60ACD13D7BC3}.Debug|iPhoneSimulator.Build.0 = Debug|Any CPU
		{97AE86CF-6C55-43BD-B9C5-60ACD13D7BC3}.Debug|x64.ActiveCfg = Debug|Any CPU
		{97AE86CF-6C55-43BD-B9C5-60ACD13D7BC3}.Debug|x64.Build.0 = Debug|Any CPU
		{97AE86CF-6C55-43BD-B9C5-60ACD13D7BC3}.Debug|x86.ActiveCfg = Debug|Any CPU
		{97AE86CF-6C55-43BD-B9C5-60ACD13D7BC3}.Debug|x86.Build.0 = Debug|Any CPU
		{97AE86CF-6C55-43BD-B9C5-60ACD13D7BC3}.Release|Any CPU.ActiveCfg = Release|Any CPU
		{97AE86CF-6C55-43BD-B9C5-60ACD13D7BC3}.Release|Any CPU.Build.0 = Release|Any CPU
		{97AE86CF-6C55-43BD-B9C5-60ACD13D7BC3}.Release|ARM.ActiveCfg = Release|Any CPU
		{97AE86CF-6C55-43BD-B9C5-60ACD13D7BC3}.Release|ARM.Build.0 = Release|Any CPU
		{97AE86CF-6C55-43BD-B9C5-60ACD13D7BC3}.Release|iPhone.ActiveCfg = Release|Any CPU
		{97AE86CF-6C55-43BD-B9C5-60ACD13D7BC3}.Release|iPhone.Build.0 = Release|Any CPU
		{97AE86CF-6C55-43BD-B9C5-60ACD13D7BC3}.Release|iPhoneSimulator.ActiveCfg = Release|Any CPU
		{97AE86CF-6C55-43BD-B9C5-60ACD13D7BC3}.Release|iPhoneSimulator.Build.0 = Release|Any CPU
		{97AE86CF-6C55-43BD-B9C5-60ACD13D7BC3}.Release|x64.ActiveCfg = Release|Any CPU
		{97AE86CF-6C55-43BD-B9C5-60ACD13D7BC3}.Release|x64.Build.0 = Release|Any CPU
		{97AE86CF-6C55-43BD-B9C5-60ACD13D7BC3}.Release|x86.ActiveCfg = Release|Any CPU
		{97AE86CF-6C55-43BD-B9C5-60ACD13D7BC3}.Release|x86.Build.0 = Release|Any CPU
		{97AE86CF-6C55-43BD-B9C5-60ACD13D7BC3}.WPF|Any CPU.ActiveCfg = Release|Any CPU
		{97AE86CF-6C55-43BD-B9C5-60ACD13D7BC3}.WPF|Any CPU.Build.0 = Release|Any CPU
		{97AE86CF-6C55-43BD-B9C5-60ACD13D7BC3}.WPF|ARM.ActiveCfg = Release|Any CPU
		{97AE86CF-6C55-43BD-B9C5-60ACD13D7BC3}.WPF|ARM.Build.0 = Release|Any CPU
		{97AE86CF-6C55-43BD-B9C5-60ACD13D7BC3}.WPF|iPhone.ActiveCfg = Release|Any CPU
		{97AE86CF-6C55-43BD-B9C5-60ACD13D7BC3}.WPF|iPhone.Build.0 = Release|Any CPU
		{97AE86CF-6C55-43BD-B9C5-60ACD13D7BC3}.WPF|iPhoneSimulator.ActiveCfg = Release|Any CPU
		{97AE86CF-6C55-43BD-B9C5-60ACD13D7BC3}.WPF|iPhoneSimulator.Build.0 = Release|Any CPU
		{97AE86CF-6C55-43BD-B9C5-60ACD13D7BC3}.WPF|x64.ActiveCfg = Release|Any CPU
		{97AE86CF-6C55-43BD-B9C5-60ACD13D7BC3}.WPF|x64.Build.0 = Release|Any CPU
		{97AE86CF-6C55-43BD-B9C5-60ACD13D7BC3}.WPF|x86.ActiveCfg = Release|Any CPU
		{97AE86CF-6C55-43BD-B9C5-60ACD13D7BC3}.WPF|x86.Build.0 = Release|Any CPU
		{94EA13E7-5E42-4B3E-8714-FB571E236C7D}.Debug_WPF|Any CPU.ActiveCfg = Debug|Any CPU
		{94EA13E7-5E42-4B3E-8714-FB571E236C7D}.Debug_WPF|Any CPU.Build.0 = Debug|Any CPU
		{94EA13E7-5E42-4B3E-8714-FB571E236C7D}.Debug_WPF|ARM.ActiveCfg = Debug|Any CPU
		{94EA13E7-5E42-4B3E-8714-FB571E236C7D}.Debug_WPF|ARM.Build.0 = Debug|Any CPU
		{94EA13E7-5E42-4B3E-8714-FB571E236C7D}.Debug_WPF|iPhone.ActiveCfg = Debug|Any CPU
		{94EA13E7-5E42-4B3E-8714-FB571E236C7D}.Debug_WPF|iPhone.Build.0 = Debug|Any CPU
		{94EA13E7-5E42-4B3E-8714-FB571E236C7D}.Debug_WPF|iPhoneSimulator.ActiveCfg = Debug|Any CPU
		{94EA13E7-5E42-4B3E-8714-FB571E236C7D}.Debug_WPF|iPhoneSimulator.Build.0 = Debug|Any CPU
		{94EA13E7-5E42-4B3E-8714-FB571E236C7D}.Debug_WPF|x64.ActiveCfg = Debug|Any CPU
		{94EA13E7-5E42-4B3E-8714-FB571E236C7D}.Debug_WPF|x64.Build.0 = Debug|Any CPU
		{94EA13E7-5E42-4B3E-8714-FB571E236C7D}.Debug_WPF|x86.ActiveCfg = Debug|Any CPU
		{94EA13E7-5E42-4B3E-8714-FB571E236C7D}.Debug_WPF|x86.Build.0 = Debug|Any CPU
		{94EA13E7-5E42-4B3E-8714-FB571E236C7D}.Debug|Any CPU.ActiveCfg = Debug|Any CPU
		{94EA13E7-5E42-4B3E-8714-FB571E236C7D}.Debug|Any CPU.Build.0 = Debug|Any CPU
		{94EA13E7-5E42-4B3E-8714-FB571E236C7D}.Debug|ARM.ActiveCfg = Debug|Any CPU
		{94EA13E7-5E42-4B3E-8714-FB571E236C7D}.Debug|ARM.Build.0 = Debug|Any CPU
		{94EA13E7-5E42-4B3E-8714-FB571E236C7D}.Debug|iPhone.ActiveCfg = Debug|Any CPU
		{94EA13E7-5E42-4B3E-8714-FB571E236C7D}.Debug|iPhone.Build.0 = Debug|Any CPU
		{94EA13E7-5E42-4B3E-8714-FB571E236C7D}.Debug|iPhoneSimulator.ActiveCfg = Debug|Any CPU
		{94EA13E7-5E42-4B3E-8714-FB571E236C7D}.Debug|iPhoneSimulator.Build.0 = Debug|Any CPU
		{94EA13E7-5E42-4B3E-8714-FB571E236C7D}.Debug|x64.ActiveCfg = Debug|Any CPU
		{94EA13E7-5E42-4B3E-8714-FB571E236C7D}.Debug|x64.Build.0 = Debug|Any CPU
		{94EA13E7-5E42-4B3E-8714-FB571E236C7D}.Debug|x86.ActiveCfg = Debug|Any CPU
		{94EA13E7-5E42-4B3E-8714-FB571E236C7D}.Debug|x86.Build.0 = Debug|Any CPU
		{94EA13E7-5E42-4B3E-8714-FB571E236C7D}.Release|Any CPU.ActiveCfg = Release|Any CPU
		{94EA13E7-5E42-4B3E-8714-FB571E236C7D}.Release|Any CPU.Build.0 = Release|Any CPU
		{94EA13E7-5E42-4B3E-8714-FB571E236C7D}.Release|ARM.ActiveCfg = Release|Any CPU
		{94EA13E7-5E42-4B3E-8714-FB571E236C7D}.Release|ARM.Build.0 = Release|Any CPU
		{94EA13E7-5E42-4B3E-8714-FB571E236C7D}.Release|iPhone.ActiveCfg = Release|Any CPU
		{94EA13E7-5E42-4B3E-8714-FB571E236C7D}.Release|iPhone.Build.0 = Release|Any CPU
		{94EA13E7-5E42-4B3E-8714-FB571E236C7D}.Release|iPhoneSimulator.ActiveCfg = Release|Any CPU
		{94EA13E7-5E42-4B3E-8714-FB571E236C7D}.Release|iPhoneSimulator.Build.0 = Release|Any CPU
		{94EA13E7-5E42-4B3E-8714-FB571E236C7D}.Release|x64.ActiveCfg = Release|Any CPU
		{94EA13E7-5E42-4B3E-8714-FB571E236C7D}.Release|x64.Build.0 = Release|Any CPU
		{94EA13E7-5E42-4B3E-8714-FB571E236C7D}.Release|x86.ActiveCfg = Release|Any CPU
		{94EA13E7-5E42-4B3E-8714-FB571E236C7D}.Release|x86.Build.0 = Release|Any CPU
		{94EA13E7-5E42-4B3E-8714-FB571E236C7D}.WPF|Any CPU.ActiveCfg = Release|Any CPU
		{94EA13E7-5E42-4B3E-8714-FB571E236C7D}.WPF|Any CPU.Build.0 = Release|Any CPU
		{94EA13E7-5E42-4B3E-8714-FB571E236C7D}.WPF|ARM.ActiveCfg = Release|Any CPU
		{94EA13E7-5E42-4B3E-8714-FB571E236C7D}.WPF|ARM.Build.0 = Release|Any CPU
		{94EA13E7-5E42-4B3E-8714-FB571E236C7D}.WPF|iPhone.ActiveCfg = Release|Any CPU
		{94EA13E7-5E42-4B3E-8714-FB571E236C7D}.WPF|iPhone.Build.0 = Release|Any CPU
		{94EA13E7-5E42-4B3E-8714-FB571E236C7D}.WPF|iPhoneSimulator.ActiveCfg = Release|Any CPU
		{94EA13E7-5E42-4B3E-8714-FB571E236C7D}.WPF|iPhoneSimulator.Build.0 = Release|Any CPU
		{94EA13E7-5E42-4B3E-8714-FB571E236C7D}.WPF|x64.ActiveCfg = Release|Any CPU
		{94EA13E7-5E42-4B3E-8714-FB571E236C7D}.WPF|x64.Build.0 = Release|Any CPU
		{94EA13E7-5E42-4B3E-8714-FB571E236C7D}.WPF|x86.ActiveCfg = Release|Any CPU
		{94EA13E7-5E42-4B3E-8714-FB571E236C7D}.WPF|x86.Build.0 = Release|Any CPU
		{B44E6196-CEEF-4D0A-A7F0-3B46FB0C388F}.Debug_WPF|Any CPU.ActiveCfg = Debug|Any CPU
		{B44E6196-CEEF-4D0A-A7F0-3B46FB0C388F}.Debug_WPF|Any CPU.Build.0 = Debug|Any CPU
		{B44E6196-CEEF-4D0A-A7F0-3B46FB0C388F}.Debug_WPF|ARM.ActiveCfg = Debug|Any CPU
		{B44E6196-CEEF-4D0A-A7F0-3B46FB0C388F}.Debug_WPF|ARM.Build.0 = Debug|Any CPU
		{B44E6196-CEEF-4D0A-A7F0-3B46FB0C388F}.Debug_WPF|iPhone.ActiveCfg = Debug|Any CPU
		{B44E6196-CEEF-4D0A-A7F0-3B46FB0C388F}.Debug_WPF|iPhone.Build.0 = Debug|Any CPU
		{B44E6196-CEEF-4D0A-A7F0-3B46FB0C388F}.Debug_WPF|iPhoneSimulator.ActiveCfg = Debug|Any CPU
		{B44E6196-CEEF-4D0A-A7F0-3B46FB0C388F}.Debug_WPF|iPhoneSimulator.Build.0 = Debug|Any CPU
		{B44E6196-CEEF-4D0A-A7F0-3B46FB0C388F}.Debug_WPF|x64.ActiveCfg = Debug|Any CPU
		{B44E6196-CEEF-4D0A-A7F0-3B46FB0C388F}.Debug_WPF|x64.Build.0 = Debug|Any CPU
		{B44E6196-CEEF-4D0A-A7F0-3B46FB0C388F}.Debug_WPF|x86.ActiveCfg = Debug|Any CPU
		{B44E6196-CEEF-4D0A-A7F0-3B46FB0C388F}.Debug_WPF|x86.Build.0 = Debug|Any CPU
		{B44E6196-CEEF-4D0A-A7F0-3B46FB0C388F}.Debug|Any CPU.ActiveCfg = Debug|Any CPU
		{B44E6196-CEEF-4D0A-A7F0-3B46FB0C388F}.Debug|Any CPU.Build.0 = Debug|Any CPU
		{B44E6196-CEEF-4D0A-A7F0-3B46FB0C388F}.Debug|ARM.ActiveCfg = Debug|Any CPU
		{B44E6196-CEEF-4D0A-A7F0-3B46FB0C388F}.Debug|ARM.Build.0 = Debug|Any CPU
		{B44E6196-CEEF-4D0A-A7F0-3B46FB0C388F}.Debug|iPhone.ActiveCfg = Debug|Any CPU
		{B44E6196-CEEF-4D0A-A7F0-3B46FB0C388F}.Debug|iPhone.Build.0 = Debug|Any CPU
		{B44E6196-CEEF-4D0A-A7F0-3B46FB0C388F}.Debug|iPhoneSimulator.ActiveCfg = Debug|Any CPU
		{B44E6196-CEEF-4D0A-A7F0-3B46FB0C388F}.Debug|iPhoneSimulator.Build.0 = Debug|Any CPU
		{B44E6196-CEEF-4D0A-A7F0-3B46FB0C388F}.Debug|x64.ActiveCfg = Debug|Any CPU
		{B44E6196-CEEF-4D0A-A7F0-3B46FB0C388F}.Debug|x64.Build.0 = Debug|Any CPU
		{B44E6196-CEEF-4D0A-A7F0-3B46FB0C388F}.Debug|x86.ActiveCfg = Debug|Any CPU
		{B44E6196-CEEF-4D0A-A7F0-3B46FB0C388F}.Debug|x86.Build.0 = Debug|Any CPU
		{B44E6196-CEEF-4D0A-A7F0-3B46FB0C388F}.Release|Any CPU.ActiveCfg = Release|Any CPU
		{B44E6196-CEEF-4D0A-A7F0-3B46FB0C388F}.Release|Any CPU.Build.0 = Release|Any CPU
		{B44E6196-CEEF-4D0A-A7F0-3B46FB0C388F}.Release|ARM.ActiveCfg = Release|Any CPU
		{B44E6196-CEEF-4D0A-A7F0-3B46FB0C388F}.Release|ARM.Build.0 = Release|Any CPU
		{B44E6196-CEEF-4D0A-A7F0-3B46FB0C388F}.Release|iPhone.ActiveCfg = Release|Any CPU
		{B44E6196-CEEF-4D0A-A7F0-3B46FB0C388F}.Release|iPhone.Build.0 = Release|Any CPU
		{B44E6196-CEEF-4D0A-A7F0-3B46FB0C388F}.Release|iPhoneSimulator.ActiveCfg = Release|Any CPU
		{B44E6196-CEEF-4D0A-A7F0-3B46FB0C388F}.Release|iPhoneSimulator.Build.0 = Release|Any CPU
		{B44E6196-CEEF-4D0A-A7F0-3B46FB0C388F}.Release|x64.ActiveCfg = Release|Any CPU
		{B44E6196-CEEF-4D0A-A7F0-3B46FB0C388F}.Release|x64.Build.0 = Release|Any CPU
		{B44E6196-CEEF-4D0A-A7F0-3B46FB0C388F}.Release|x86.ActiveCfg = Release|Any CPU
		{B44E6196-CEEF-4D0A-A7F0-3B46FB0C388F}.Release|x86.Build.0 = Release|Any CPU
		{B44E6196-CEEF-4D0A-A7F0-3B46FB0C388F}.WPF|Any CPU.ActiveCfg = Release|Any CPU
		{B44E6196-CEEF-4D0A-A7F0-3B46FB0C388F}.WPF|Any CPU.Build.0 = Release|Any CPU
		{B44E6196-CEEF-4D0A-A7F0-3B46FB0C388F}.WPF|ARM.ActiveCfg = Release|Any CPU
		{B44E6196-CEEF-4D0A-A7F0-3B46FB0C388F}.WPF|ARM.Build.0 = Release|Any CPU
		{B44E6196-CEEF-4D0A-A7F0-3B46FB0C388F}.WPF|iPhone.ActiveCfg = Release|Any CPU
		{B44E6196-CEEF-4D0A-A7F0-3B46FB0C388F}.WPF|iPhone.Build.0 = Release|Any CPU
		{B44E6196-CEEF-4D0A-A7F0-3B46FB0C388F}.WPF|iPhoneSimulator.ActiveCfg = Release|Any CPU
		{B44E6196-CEEF-4D0A-A7F0-3B46FB0C388F}.WPF|iPhoneSimulator.Build.0 = Release|Any CPU
		{B44E6196-CEEF-4D0A-A7F0-3B46FB0C388F}.WPF|x64.ActiveCfg = Release|Any CPU
		{B44E6196-CEEF-4D0A-A7F0-3B46FB0C388F}.WPF|x64.Build.0 = Release|Any CPU
		{B44E6196-CEEF-4D0A-A7F0-3B46FB0C388F}.WPF|x86.ActiveCfg = Release|Any CPU
		{B44E6196-CEEF-4D0A-A7F0-3B46FB0C388F}.WPF|x86.Build.0 = Release|Any CPU
		{318E8095-1154-4A94-A747-C905CCE3B519}.Debug_WPF|Any CPU.ActiveCfg = Debug|Any CPU
		{318E8095-1154-4A94-A747-C905CCE3B519}.Debug_WPF|Any CPU.Build.0 = Debug|Any CPU
		{318E8095-1154-4A94-A747-C905CCE3B519}.Debug_WPF|ARM.ActiveCfg = Debug|Any CPU
		{318E8095-1154-4A94-A747-C905CCE3B519}.Debug_WPF|ARM.Build.0 = Debug|Any CPU
		{318E8095-1154-4A94-A747-C905CCE3B519}.Debug_WPF|iPhone.ActiveCfg = Debug|Any CPU
		{318E8095-1154-4A94-A747-C905CCE3B519}.Debug_WPF|iPhone.Build.0 = Debug|Any CPU
		{318E8095-1154-4A94-A747-C905CCE3B519}.Debug_WPF|iPhoneSimulator.ActiveCfg = Debug|Any CPU
		{318E8095-1154-4A94-A747-C905CCE3B519}.Debug_WPF|iPhoneSimulator.Build.0 = Debug|Any CPU
		{318E8095-1154-4A94-A747-C905CCE3B519}.Debug_WPF|x64.ActiveCfg = Debug|Any CPU
		{318E8095-1154-4A94-A747-C905CCE3B519}.Debug_WPF|x64.Build.0 = Debug|Any CPU
		{318E8095-1154-4A94-A747-C905CCE3B519}.Debug_WPF|x86.ActiveCfg = Debug|Any CPU
		{318E8095-1154-4A94-A747-C905CCE3B519}.Debug_WPF|x86.Build.0 = Debug|Any CPU
		{318E8095-1154-4A94-A747-C905CCE3B519}.Debug|Any CPU.ActiveCfg = Debug|Any CPU
		{318E8095-1154-4A94-A747-C905CCE3B519}.Debug|Any CPU.Build.0 = Debug|Any CPU
		{318E8095-1154-4A94-A747-C905CCE3B519}.Debug|ARM.ActiveCfg = Debug|Any CPU
		{318E8095-1154-4A94-A747-C905CCE3B519}.Debug|ARM.Build.0 = Debug|Any CPU
		{318E8095-1154-4A94-A747-C905CCE3B519}.Debug|iPhone.ActiveCfg = Debug|Any CPU
		{318E8095-1154-4A94-A747-C905CCE3B519}.Debug|iPhone.Build.0 = Debug|Any CPU
		{318E8095-1154-4A94-A747-C905CCE3B519}.Debug|iPhoneSimulator.ActiveCfg = Debug|Any CPU
		{318E8095-1154-4A94-A747-C905CCE3B519}.Debug|iPhoneSimulator.Build.0 = Debug|Any CPU
		{318E8095-1154-4A94-A747-C905CCE3B519}.Debug|x64.ActiveCfg = Debug|Any CPU
		{318E8095-1154-4A94-A747-C905CCE3B519}.Debug|x64.Build.0 = Debug|Any CPU
		{318E8095-1154-4A94-A747-C905CCE3B519}.Debug|x86.ActiveCfg = Debug|Any CPU
		{318E8095-1154-4A94-A747-C905CCE3B519}.Debug|x86.Build.0 = Debug|Any CPU
		{318E8095-1154-4A94-A747-C905CCE3B519}.Release|Any CPU.ActiveCfg = Release|Any CPU
		{318E8095-1154-4A94-A747-C905CCE3B519}.Release|Any CPU.Build.0 = Release|Any CPU
		{318E8095-1154-4A94-A747-C905CCE3B519}.Release|ARM.ActiveCfg = Release|Any CPU
		{318E8095-1154-4A94-A747-C905CCE3B519}.Release|ARM.Build.0 = Release|Any CPU
		{318E8095-1154-4A94-A747-C905CCE3B519}.Release|iPhone.ActiveCfg = Release|Any CPU
		{318E8095-1154-4A94-A747-C905CCE3B519}.Release|iPhone.Build.0 = Release|Any CPU
		{318E8095-1154-4A94-A747-C905CCE3B519}.Release|iPhoneSimulator.ActiveCfg = Release|Any CPU
		{318E8095-1154-4A94-A747-C905CCE3B519}.Release|iPhoneSimulator.Build.0 = Release|Any CPU
		{318E8095-1154-4A94-A747-C905CCE3B519}.Release|x64.ActiveCfg = Release|Any CPU
		{318E8095-1154-4A94-A747-C905CCE3B519}.Release|x64.Build.0 = Release|Any CPU
		{318E8095-1154-4A94-A747-C905CCE3B519}.Release|x86.ActiveCfg = Release|Any CPU
		{318E8095-1154-4A94-A747-C905CCE3B519}.Release|x86.Build.0 = Release|Any CPU
		{318E8095-1154-4A94-A747-C905CCE3B519}.WPF|Any CPU.ActiveCfg = Release|Any CPU
		{318E8095-1154-4A94-A747-C905CCE3B519}.WPF|Any CPU.Build.0 = Release|Any CPU
		{318E8095-1154-4A94-A747-C905CCE3B519}.WPF|ARM.ActiveCfg = Release|Any CPU
		{318E8095-1154-4A94-A747-C905CCE3B519}.WPF|ARM.Build.0 = Release|Any CPU
		{318E8095-1154-4A94-A747-C905CCE3B519}.WPF|iPhone.ActiveCfg = Release|Any CPU
		{318E8095-1154-4A94-A747-C905CCE3B519}.WPF|iPhone.Build.0 = Release|Any CPU
		{318E8095-1154-4A94-A747-C905CCE3B519}.WPF|iPhoneSimulator.ActiveCfg = Release|Any CPU
		{318E8095-1154-4A94-A747-C905CCE3B519}.WPF|iPhoneSimulator.Build.0 = Release|Any CPU
		{318E8095-1154-4A94-A747-C905CCE3B519}.WPF|x64.ActiveCfg = Release|Any CPU
		{318E8095-1154-4A94-A747-C905CCE3B519}.WPF|x64.Build.0 = Release|Any CPU
		{318E8095-1154-4A94-A747-C905CCE3B519}.WPF|x86.ActiveCfg = Release|Any CPU
		{318E8095-1154-4A94-A747-C905CCE3B519}.WPF|x86.Build.0 = Release|Any CPU
		{D14DF1FD-46BF-4C9F-9445-AC76F3C91B40}.Debug_WPF|Any CPU.ActiveCfg = Debug|Any CPU
		{D14DF1FD-46BF-4C9F-9445-AC76F3C91B40}.Debug_WPF|Any CPU.Build.0 = Debug|Any CPU
		{D14DF1FD-46BF-4C9F-9445-AC76F3C91B40}.Debug_WPF|ARM.ActiveCfg = Debug|Any CPU
		{D14DF1FD-46BF-4C9F-9445-AC76F3C91B40}.Debug_WPF|ARM.Build.0 = Debug|Any CPU
		{D14DF1FD-46BF-4C9F-9445-AC76F3C91B40}.Debug_WPF|iPhone.ActiveCfg = Debug|Any CPU
		{D14DF1FD-46BF-4C9F-9445-AC76F3C91B40}.Debug_WPF|iPhone.Build.0 = Debug|Any CPU
		{D14DF1FD-46BF-4C9F-9445-AC76F3C91B40}.Debug_WPF|iPhoneSimulator.ActiveCfg = Debug|Any CPU
		{D14DF1FD-46BF-4C9F-9445-AC76F3C91B40}.Debug_WPF|iPhoneSimulator.Build.0 = Debug|Any CPU
		{D14DF1FD-46BF-4C9F-9445-AC76F3C91B40}.Debug_WPF|x64.ActiveCfg = Debug|Any CPU
		{D14DF1FD-46BF-4C9F-9445-AC76F3C91B40}.Debug_WPF|x64.Build.0 = Debug|Any CPU
		{D14DF1FD-46BF-4C9F-9445-AC76F3C91B40}.Debug_WPF|x86.ActiveCfg = Debug|Any CPU
		{D14DF1FD-46BF-4C9F-9445-AC76F3C91B40}.Debug_WPF|x86.Build.0 = Debug|Any CPU
		{D14DF1FD-46BF-4C9F-9445-AC76F3C91B40}.Debug|Any CPU.ActiveCfg = Debug|Any CPU
		{D14DF1FD-46BF-4C9F-9445-AC76F3C91B40}.Debug|Any CPU.Build.0 = Debug|Any CPU
		{D14DF1FD-46BF-4C9F-9445-AC76F3C91B40}.Debug|ARM.ActiveCfg = Debug|Any CPU
		{D14DF1FD-46BF-4C9F-9445-AC76F3C91B40}.Debug|ARM.Build.0 = Debug|Any CPU
		{D14DF1FD-46BF-4C9F-9445-AC76F3C91B40}.Debug|iPhone.ActiveCfg = Debug|Any CPU
		{D14DF1FD-46BF-4C9F-9445-AC76F3C91B40}.Debug|iPhone.Build.0 = Debug|Any CPU
		{D14DF1FD-46BF-4C9F-9445-AC76F3C91B40}.Debug|iPhoneSimulator.ActiveCfg = Debug|Any CPU
		{D14DF1FD-46BF-4C9F-9445-AC76F3C91B40}.Debug|iPhoneSimulator.Build.0 = Debug|Any CPU
		{D14DF1FD-46BF-4C9F-9445-AC76F3C91B40}.Debug|x64.ActiveCfg = Debug|Any CPU
		{D14DF1FD-46BF-4C9F-9445-AC76F3C91B40}.Debug|x64.Build.0 = Debug|Any CPU
		{D14DF1FD-46BF-4C9F-9445-AC76F3C91B40}.Debug|x86.ActiveCfg = Debug|Any CPU
		{D14DF1FD-46BF-4C9F-9445-AC76F3C91B40}.Debug|x86.Build.0 = Debug|Any CPU
		{D14DF1FD-46BF-4C9F-9445-AC76F3C91B40}.Release|Any CPU.ActiveCfg = Release|Any CPU
		{D14DF1FD-46BF-4C9F-9445-AC76F3C91B40}.Release|Any CPU.Build.0 = Release|Any CPU
		{D14DF1FD-46BF-4C9F-9445-AC76F3C91B40}.Release|ARM.ActiveCfg = Release|Any CPU
		{D14DF1FD-46BF-4C9F-9445-AC76F3C91B40}.Release|ARM.Build.0 = Release|Any CPU
		{D14DF1FD-46BF-4C9F-9445-AC76F3C91B40}.Release|iPhone.ActiveCfg = Release|Any CPU
		{D14DF1FD-46BF-4C9F-9445-AC76F3C91B40}.Release|iPhone.Build.0 = Release|Any CPU
		{D14DF1FD-46BF-4C9F-9445-AC76F3C91B40}.Release|iPhoneSimulator.ActiveCfg = Release|Any CPU
		{D14DF1FD-46BF-4C9F-9445-AC76F3C91B40}.Release|iPhoneSimulator.Build.0 = Release|Any CPU
		{D14DF1FD-46BF-4C9F-9445-AC76F3C91B40}.Release|x64.ActiveCfg = Release|Any CPU
		{D14DF1FD-46BF-4C9F-9445-AC76F3C91B40}.Release|x64.Build.0 = Release|Any CPU
		{D14DF1FD-46BF-4C9F-9445-AC76F3C91B40}.Release|x86.ActiveCfg = Release|Any CPU
		{D14DF1FD-46BF-4C9F-9445-AC76F3C91B40}.Release|x86.Build.0 = Release|Any CPU
		{D14DF1FD-46BF-4C9F-9445-AC76F3C91B40}.WPF|Any CPU.ActiveCfg = Debug|Any CPU
		{D14DF1FD-46BF-4C9F-9445-AC76F3C91B40}.WPF|Any CPU.Build.0 = Debug|Any CPU
		{D14DF1FD-46BF-4C9F-9445-AC76F3C91B40}.WPF|ARM.ActiveCfg = Debug|Any CPU
		{D14DF1FD-46BF-4C9F-9445-AC76F3C91B40}.WPF|ARM.Build.0 = Debug|Any CPU
		{D14DF1FD-46BF-4C9F-9445-AC76F3C91B40}.WPF|iPhone.ActiveCfg = Debug|Any CPU
		{D14DF1FD-46BF-4C9F-9445-AC76F3C91B40}.WPF|iPhone.Build.0 = Debug|Any CPU
		{D14DF1FD-46BF-4C9F-9445-AC76F3C91B40}.WPF|iPhoneSimulator.ActiveCfg = Debug|Any CPU
		{D14DF1FD-46BF-4C9F-9445-AC76F3C91B40}.WPF|iPhoneSimulator.Build.0 = Debug|Any CPU
		{D14DF1FD-46BF-4C9F-9445-AC76F3C91B40}.WPF|x64.ActiveCfg = Debug|Any CPU
		{D14DF1FD-46BF-4C9F-9445-AC76F3C91B40}.WPF|x64.Build.0 = Debug|Any CPU
		{D14DF1FD-46BF-4C9F-9445-AC76F3C91B40}.WPF|x86.ActiveCfg = Debug|Any CPU
		{D14DF1FD-46BF-4C9F-9445-AC76F3C91B40}.WPF|x86.Build.0 = Debug|Any CPU
		{E676F5E4-4D56-4081-A04C-1025F99774B3}.Debug_WPF|Any CPU.ActiveCfg = Debug|Any CPU
		{E676F5E4-4D56-4081-A04C-1025F99774B3}.Debug_WPF|Any CPU.Build.0 = Debug|Any CPU
		{E676F5E4-4D56-4081-A04C-1025F99774B3}.Debug_WPF|ARM.ActiveCfg = Debug|ARM
		{E676F5E4-4D56-4081-A04C-1025F99774B3}.Debug_WPF|ARM.Build.0 = Debug|ARM
		{E676F5E4-4D56-4081-A04C-1025F99774B3}.Debug_WPF|iPhone.ActiveCfg = Debug|Any CPU
		{E676F5E4-4D56-4081-A04C-1025F99774B3}.Debug_WPF|iPhone.Build.0 = Debug|Any CPU
		{E676F5E4-4D56-4081-A04C-1025F99774B3}.Debug_WPF|iPhoneSimulator.ActiveCfg = Debug|Any CPU
		{E676F5E4-4D56-4081-A04C-1025F99774B3}.Debug_WPF|iPhoneSimulator.Build.0 = Debug|Any CPU
		{E676F5E4-4D56-4081-A04C-1025F99774B3}.Debug_WPF|x64.ActiveCfg = Debug|x64
		{E676F5E4-4D56-4081-A04C-1025F99774B3}.Debug_WPF|x64.Build.0 = Debug|x64
		{E676F5E4-4D56-4081-A04C-1025F99774B3}.Debug_WPF|x86.ActiveCfg = Debug|x86
		{E676F5E4-4D56-4081-A04C-1025F99774B3}.Debug_WPF|x86.Build.0 = Debug|x86
		{E676F5E4-4D56-4081-A04C-1025F99774B3}.Debug|Any CPU.ActiveCfg = Debug|Any CPU
		{E676F5E4-4D56-4081-A04C-1025F99774B3}.Debug|Any CPU.Build.0 = Debug|Any CPU
		{E676F5E4-4D56-4081-A04C-1025F99774B3}.Debug|ARM.ActiveCfg = Debug|ARM
		{E676F5E4-4D56-4081-A04C-1025F99774B3}.Debug|ARM.Build.0 = Debug|ARM
		{E676F5E4-4D56-4081-A04C-1025F99774B3}.Debug|iPhone.ActiveCfg = Debug|Any CPU
		{E676F5E4-4D56-4081-A04C-1025F99774B3}.Debug|iPhone.Build.0 = Debug|Any CPU
		{E676F5E4-4D56-4081-A04C-1025F99774B3}.Debug|iPhoneSimulator.ActiveCfg = Debug|Any CPU
		{E676F5E4-4D56-4081-A04C-1025F99774B3}.Debug|iPhoneSimulator.Build.0 = Debug|Any CPU
		{E676F5E4-4D56-4081-A04C-1025F99774B3}.Debug|x64.ActiveCfg = Debug|x64
		{E676F5E4-4D56-4081-A04C-1025F99774B3}.Debug|x64.Build.0 = Debug|x64
		{E676F5E4-4D56-4081-A04C-1025F99774B3}.Debug|x86.ActiveCfg = Debug|x86
		{E676F5E4-4D56-4081-A04C-1025F99774B3}.Debug|x86.Build.0 = Debug|x86
		{E676F5E4-4D56-4081-A04C-1025F99774B3}.Release|Any CPU.ActiveCfg = Release|Any CPU
		{E676F5E4-4D56-4081-A04C-1025F99774B3}.Release|Any CPU.Build.0 = Release|Any CPU
		{E676F5E4-4D56-4081-A04C-1025F99774B3}.Release|ARM.ActiveCfg = Release|ARM
		{E676F5E4-4D56-4081-A04C-1025F99774B3}.Release|ARM.Build.0 = Release|ARM
		{E676F5E4-4D56-4081-A04C-1025F99774B3}.Release|iPhone.ActiveCfg = Release|Any CPU
		{E676F5E4-4D56-4081-A04C-1025F99774B3}.Release|iPhone.Build.0 = Release|Any CPU
		{E676F5E4-4D56-4081-A04C-1025F99774B3}.Release|iPhoneSimulator.ActiveCfg = Release|Any CPU
		{E676F5E4-4D56-4081-A04C-1025F99774B3}.Release|iPhoneSimulator.Build.0 = Release|Any CPU
		{E676F5E4-4D56-4081-A04C-1025F99774B3}.Release|x64.ActiveCfg = Release|x64
		{E676F5E4-4D56-4081-A04C-1025F99774B3}.Release|x64.Build.0 = Release|x64
		{E676F5E4-4D56-4081-A04C-1025F99774B3}.Release|x86.ActiveCfg = Release|x86
		{E676F5E4-4D56-4081-A04C-1025F99774B3}.Release|x86.Build.0 = Release|x86
		{E676F5E4-4D56-4081-A04C-1025F99774B3}.WPF|Any CPU.ActiveCfg = Release|Any CPU
		{E676F5E4-4D56-4081-A04C-1025F99774B3}.WPF|Any CPU.Build.0 = Release|Any CPU
		{E676F5E4-4D56-4081-A04C-1025F99774B3}.WPF|ARM.ActiveCfg = Release|ARM
		{E676F5E4-4D56-4081-A04C-1025F99774B3}.WPF|ARM.Build.0 = Release|ARM
		{E676F5E4-4D56-4081-A04C-1025F99774B3}.WPF|iPhone.ActiveCfg = Release|Any CPU
		{E676F5E4-4D56-4081-A04C-1025F99774B3}.WPF|iPhone.Build.0 = Release|Any CPU
		{E676F5E4-4D56-4081-A04C-1025F99774B3}.WPF|iPhoneSimulator.ActiveCfg = Release|Any CPU
		{E676F5E4-4D56-4081-A04C-1025F99774B3}.WPF|iPhoneSimulator.Build.0 = Release|Any CPU
		{E676F5E4-4D56-4081-A04C-1025F99774B3}.WPF|x64.ActiveCfg = Release|x64
		{E676F5E4-4D56-4081-A04C-1025F99774B3}.WPF|x64.Build.0 = Release|x64
		{E676F5E4-4D56-4081-A04C-1025F99774B3}.WPF|x86.ActiveCfg = Release|x86
		{E676F5E4-4D56-4081-A04C-1025F99774B3}.WPF|x86.Build.0 = Release|x86
		{1DD05789-02C6-4658-8697-CCFFA38CE8F2}.Debug_WPF|Any CPU.ActiveCfg = Debug|Any CPU
		{1DD05789-02C6-4658-8697-CCFFA38CE8F2}.Debug_WPF|Any CPU.Build.0 = Debug|Any CPU
		{1DD05789-02C6-4658-8697-CCFFA38CE8F2}.Debug_WPF|ARM.ActiveCfg = Debug|Any CPU
		{1DD05789-02C6-4658-8697-CCFFA38CE8F2}.Debug_WPF|ARM.Build.0 = Debug|Any CPU
		{1DD05789-02C6-4658-8697-CCFFA38CE8F2}.Debug_WPF|iPhone.ActiveCfg = Debug|Any CPU
		{1DD05789-02C6-4658-8697-CCFFA38CE8F2}.Debug_WPF|iPhone.Build.0 = Debug|Any CPU
		{1DD05789-02C6-4658-8697-CCFFA38CE8F2}.Debug_WPF|iPhoneSimulator.ActiveCfg = Debug|Any CPU
		{1DD05789-02C6-4658-8697-CCFFA38CE8F2}.Debug_WPF|iPhoneSimulator.Build.0 = Debug|Any CPU
		{1DD05789-02C6-4658-8697-CCFFA38CE8F2}.Debug_WPF|x64.ActiveCfg = Debug|Any CPU
		{1DD05789-02C6-4658-8697-CCFFA38CE8F2}.Debug_WPF|x64.Build.0 = Debug|Any CPU
		{1DD05789-02C6-4658-8697-CCFFA38CE8F2}.Debug_WPF|x86.ActiveCfg = Debug|Any CPU
		{1DD05789-02C6-4658-8697-CCFFA38CE8F2}.Debug_WPF|x86.Build.0 = Debug|Any CPU
		{1DD05789-02C6-4658-8697-CCFFA38CE8F2}.Debug|Any CPU.ActiveCfg = Debug|Any CPU
		{1DD05789-02C6-4658-8697-CCFFA38CE8F2}.Debug|Any CPU.Build.0 = Debug|Any CPU
		{1DD05789-02C6-4658-8697-CCFFA38CE8F2}.Debug|ARM.ActiveCfg = Debug|Any CPU
		{1DD05789-02C6-4658-8697-CCFFA38CE8F2}.Debug|ARM.Build.0 = Debug|Any CPU
		{1DD05789-02C6-4658-8697-CCFFA38CE8F2}.Debug|iPhone.ActiveCfg = Debug|Any CPU
		{1DD05789-02C6-4658-8697-CCFFA38CE8F2}.Debug|iPhone.Build.0 = Debug|Any CPU
		{1DD05789-02C6-4658-8697-CCFFA38CE8F2}.Debug|iPhoneSimulator.ActiveCfg = Debug|Any CPU
		{1DD05789-02C6-4658-8697-CCFFA38CE8F2}.Debug|iPhoneSimulator.Build.0 = Debug|Any CPU
		{1DD05789-02C6-4658-8697-CCFFA38CE8F2}.Debug|x64.ActiveCfg = Debug|Any CPU
		{1DD05789-02C6-4658-8697-CCFFA38CE8F2}.Debug|x64.Build.0 = Debug|Any CPU
		{1DD05789-02C6-4658-8697-CCFFA38CE8F2}.Debug|x86.ActiveCfg = Debug|Any CPU
		{1DD05789-02C6-4658-8697-CCFFA38CE8F2}.Debug|x86.Build.0 = Debug|Any CPU
		{1DD05789-02C6-4658-8697-CCFFA38CE8F2}.Release|Any CPU.ActiveCfg = Release|Any CPU
		{1DD05789-02C6-4658-8697-CCFFA38CE8F2}.Release|Any CPU.Build.0 = Release|Any CPU
		{1DD05789-02C6-4658-8697-CCFFA38CE8F2}.Release|ARM.ActiveCfg = Release|Any CPU
		{1DD05789-02C6-4658-8697-CCFFA38CE8F2}.Release|ARM.Build.0 = Release|Any CPU
		{1DD05789-02C6-4658-8697-CCFFA38CE8F2}.Release|iPhone.ActiveCfg = Release|Any CPU
		{1DD05789-02C6-4658-8697-CCFFA38CE8F2}.Release|iPhone.Build.0 = Release|Any CPU
		{1DD05789-02C6-4658-8697-CCFFA38CE8F2}.Release|iPhoneSimulator.ActiveCfg = Release|Any CPU
		{1DD05789-02C6-4658-8697-CCFFA38CE8F2}.Release|iPhoneSimulator.Build.0 = Release|Any CPU
		{1DD05789-02C6-4658-8697-CCFFA38CE8F2}.Release|x64.ActiveCfg = Release|Any CPU
		{1DD05789-02C6-4658-8697-CCFFA38CE8F2}.Release|x64.Build.0 = Release|Any CPU
		{1DD05789-02C6-4658-8697-CCFFA38CE8F2}.Release|x86.ActiveCfg = Release|Any CPU
		{1DD05789-02C6-4658-8697-CCFFA38CE8F2}.Release|x86.Build.0 = Release|Any CPU
		{1DD05789-02C6-4658-8697-CCFFA38CE8F2}.WPF|Any CPU.ActiveCfg = Debug|Any CPU
		{1DD05789-02C6-4658-8697-CCFFA38CE8F2}.WPF|Any CPU.Build.0 = Debug|Any CPU
		{1DD05789-02C6-4658-8697-CCFFA38CE8F2}.WPF|ARM.ActiveCfg = Debug|Any CPU
		{1DD05789-02C6-4658-8697-CCFFA38CE8F2}.WPF|ARM.Build.0 = Debug|Any CPU
		{1DD05789-02C6-4658-8697-CCFFA38CE8F2}.WPF|iPhone.ActiveCfg = Debug|Any CPU
		{1DD05789-02C6-4658-8697-CCFFA38CE8F2}.WPF|iPhone.Build.0 = Debug|Any CPU
		{1DD05789-02C6-4658-8697-CCFFA38CE8F2}.WPF|iPhoneSimulator.ActiveCfg = Debug|Any CPU
		{1DD05789-02C6-4658-8697-CCFFA38CE8F2}.WPF|iPhoneSimulator.Build.0 = Debug|Any CPU
		{1DD05789-02C6-4658-8697-CCFFA38CE8F2}.WPF|x64.ActiveCfg = Debug|Any CPU
		{1DD05789-02C6-4658-8697-CCFFA38CE8F2}.WPF|x64.Build.0 = Debug|Any CPU
		{1DD05789-02C6-4658-8697-CCFFA38CE8F2}.WPF|x86.ActiveCfg = Debug|Any CPU
		{1DD05789-02C6-4658-8697-CCFFA38CE8F2}.WPF|x86.Build.0 = Debug|Any CPU
	EndGlobalSection
	GlobalSection(SolutionProperties) = preSolution
		HideSolutionNode = FALSE
	EndGlobalSection
	GlobalSection(NestedProjects) = preSolution
		{281BBE8B-5711-405F-A4AC-DEAD5BCC10BE} = {4D9928E2-26EC-4E73-936E-513E97DC14F5}
		{97AE86CF-6C55-43BD-B9C5-60ACD13D7BC3} = {4D9928E2-26EC-4E73-936E-513E97DC14F5}
		{94EA13E7-5E42-4B3E-8714-FB571E236C7D} = {4D9928E2-26EC-4E73-936E-513E97DC14F5}
		{B44E6196-CEEF-4D0A-A7F0-3B46FB0C388F} = {4D9928E2-26EC-4E73-936E-513E97DC14F5}
		{D14DF1FD-46BF-4C9F-9445-AC76F3C91B40} = {EE243662-F3C2-42E2-AAF4-59C7A960388C}
		{E676F5E4-4D56-4081-A04C-1025F99774B3} = {EE243662-F3C2-42E2-AAF4-59C7A960388C}
		{1DD05789-02C6-4658-8697-CCFFA38CE8F2} = {EE243662-F3C2-42E2-AAF4-59C7A960388C}
	EndGlobalSection
	GlobalSection(ExtensibilityGlobals) = postSolution
		SolutionGuid = {8B8A7845-AE72-4A3E-A0A4-32AED2F85637}
	EndGlobalSection
EndGlobal
